// !$*UTF8*$!
{
	archiveVersion = 1;
	classes = {
	};
	objectVersion = 50;
	objects = {

/* Begin PBXBuildFile section */
		4FBC5BC0258D3622005480CA /* gtest_main.cc in Sources */ = {isa = PBXBuildFile; fileRef = 4FBC5BB6258D3621005480CA /* gtest_main.cc */; };
		4FBC5BC1258D3622005480CA /* gtest-death-test.cc in Sources */ = {isa = PBXBuildFile; fileRef = 4FBC5BB7258D3621005480CA /* gtest-death-test.cc */; };
		4FBC5BC2258D3622005480CA /* gtest.cc in Sources */ = {isa = PBXBuildFile; fileRef = 4FBC5BB8258D3621005480CA /* gtest.cc */; };
		4FBC5BC3258D3622005480CA /* gtest-filepath.cc in Sources */ = {isa = PBXBuildFile; fileRef = 4FBC5BB9258D3621005480CA /* gtest-filepath.cc */; };
		4FBC5BC4258D3622005480CA /* gtest-port.cc in Sources */ = {isa = PBXBuildFile; fileRef = 4FBC5BBA258D3621005480CA /* gtest-port.cc */; };
		4FBC5BC5258D3622005480CA /* gtest-matchers.cc in Sources */ = {isa = PBXBuildFile; fileRef = 4FBC5BBC258D3621005480CA /* gtest-matchers.cc */; };
		4FBC5BC6258D3622005480CA /* gtest-test-part.cc in Sources */ = {isa = PBXBuildFile; fileRef = 4FBC5BBD258D3621005480CA /* gtest-test-part.cc */; };
		4FBC5BC7258D3622005480CA /* gtest-printers.cc in Sources */ = {isa = PBXBuildFile; fileRef = 4FBC5BBE258D3621005480CA /* gtest-printers.cc */; };
		4FBC5BC8258D3622005480CA /* gtest-typed-test.cc in Sources */ = {isa = PBXBuildFile; fileRef = 4FBC5BBF258D3621005480CA /* gtest-typed-test.cc */; };
		4FBC5CAC258E831A005480CA /* lib_file_test.cpp in Sources */ = {isa = PBXBuildFile; fileRef = 4FBC5CA9258E831A005480CA /* lib_file_test.cpp */; };
		4FBC5CAD258E831A005480CA /* StringTableTest.cpp in Sources */ = {isa = PBXBuildFile; fileRef = 4FBC5CAA258E831A005480CA /* StringTableTest.cpp */; };
		4FBC5CAE258E831A005480CA /* SStringTest.cpp in Sources */ = {isa = PBXBuildFile; fileRef = 4FBC5CAB258E831A005480CA /* SStringTest.cpp */; };
		4FBC5CB6258E833E005480CA /* m_strings.cc in Sources */ = {isa = PBXBuildFile; fileRef = 4FBC5CB0258E833E005480CA /* m_strings.cc */; };
		4FBC5CB7258E833E005480CA /* lib_file.cc in Sources */ = {isa = PBXBuildFile; fileRef = 4FBC5CB2258E833E005480CA /* lib_file.cc */; };
		4FBC5CB8258E833E005480CA /* Errors.cpp in Sources */ = {isa = PBXBuildFile; fileRef = 4FBC5CB3258E833E005480CA /* Errors.cpp */; };
		4FBC5CBB258E8396005480CA /* m_bitvec_test.cpp in Sources */ = {isa = PBXBuildFile; fileRef = 4FBC5CBA258E8396005480CA /* m_bitvec_test.cpp */; };
		4FBC5CBF258E83F6005480CA /* m_bitvec.cc in Sources */ = {isa = PBXBuildFile; fileRef = 4FBC5CBE258E83F5005480CA /* m_bitvec.cc */; };
		4FBC5CC6258F580F005480CA /* FatalHandler.cpp in Sources */ = {isa = PBXBuildFile; fileRef = 4FBC5CC4258F580F005480CA /* FatalHandler.cpp */; };
/* End PBXBuildFile section */

/* Begin PBXCopyFilesBuildPhase section */
		4FCB3A43253B55870038EFEB /* CopyFiles */ = {
			isa = PBXCopyFilesBuildPhase;
			buildActionMask = 2147483647;
			dstPath = /usr/share/man/man1/;
			dstSubfolderSpec = 0;
			files = (
			);
			runOnlyForDeploymentPostprocessing = 1;
		};
/* End PBXCopyFilesBuildPhase section */

/* Begin PBXFileReference section */
		4FBC5BB6258D3621005480CA /* gtest_main.cc */ = {isa = PBXFileReference; fileEncoding = 4; lastKnownFileType = sourcecode.cpp.cpp; name = gtest_main.cc; path = ../../modules/googletest/googletest/src/gtest_main.cc; sourceTree = "<group>"; };
		4FBC5BB7258D3621005480CA /* gtest-death-test.cc */ = {isa = PBXFileReference; fileEncoding = 4; lastKnownFileType = sourcecode.cpp.cpp; name = "gtest-death-test.cc"; path = "../../modules/googletest/googletest/src/gtest-death-test.cc"; sourceTree = "<group>"; };
		4FBC5BB8258D3621005480CA /* gtest.cc */ = {isa = PBXFileReference; fileEncoding = 4; lastKnownFileType = sourcecode.cpp.cpp; name = gtest.cc; path = ../../modules/googletest/googletest/src/gtest.cc; sourceTree = "<group>"; };
		4FBC5BB9258D3621005480CA /* gtest-filepath.cc */ = {isa = PBXFileReference; fileEncoding = 4; lastKnownFileType = sourcecode.cpp.cpp; name = "gtest-filepath.cc"; path = "../../modules/googletest/googletest/src/gtest-filepath.cc"; sourceTree = "<group>"; };
		4FBC5BBA258D3621005480CA /* gtest-port.cc */ = {isa = PBXFileReference; fileEncoding = 4; lastKnownFileType = sourcecode.cpp.cpp; name = "gtest-port.cc"; path = "../../modules/googletest/googletest/src/gtest-port.cc"; sourceTree = "<group>"; };
		4FBC5BBB258D3621005480CA /* gtest-internal-inl.h */ = {isa = PBXFileReference; fileEncoding = 4; lastKnownFileType = sourcecode.c.h; name = "gtest-internal-inl.h"; path = "../../modules/googletest/googletest/src/gtest-internal-inl.h"; sourceTree = "<group>"; };
		4FBC5BBC258D3621005480CA /* gtest-matchers.cc */ = {isa = PBXFileReference; fileEncoding = 4; lastKnownFileType = sourcecode.cpp.cpp; name = "gtest-matchers.cc"; path = "../../modules/googletest/googletest/src/gtest-matchers.cc"; sourceTree = "<group>"; };
		4FBC5BBD258D3621005480CA /* gtest-test-part.cc */ = {isa = PBXFileReference; fileEncoding = 4; lastKnownFileType = sourcecode.cpp.cpp; name = "gtest-test-part.cc"; path = "../../modules/googletest/googletest/src/gtest-test-part.cc"; sourceTree = "<group>"; };
		4FBC5BBE258D3621005480CA /* gtest-printers.cc */ = {isa = PBXFileReference; fileEncoding = 4; lastKnownFileType = sourcecode.cpp.cpp; name = "gtest-printers.cc"; path = "../../modules/googletest/googletest/src/gtest-printers.cc"; sourceTree = "<group>"; };
		4FBC5BBF258D3621005480CA /* gtest-typed-test.cc */ = {isa = PBXFileReference; fileEncoding = 4; lastKnownFileType = sourcecode.cpp.cpp; name = "gtest-typed-test.cc"; path = "../../modules/googletest/googletest/src/gtest-typed-test.cc"; sourceTree = "<group>"; };
		4FBC5BCA258D3634005480CA /* gtest.h */ = {isa = PBXFileReference; fileEncoding = 4; lastKnownFileType = sourcecode.c.h; name = gtest.h; path = ../../modules/googletest/googletest/include/gtest/gtest.h; sourceTree = "<group>"; };
		4FBC5CA9258E831A005480CA /* lib_file_test.cpp */ = {isa = PBXFileReference; fileEncoding = 4; lastKnownFileType = sourcecode.cpp.cpp; name = lib_file_test.cpp; path = ../../test/lib_file_test.cpp; sourceTree = "<group>"; };
		4FBC5CAA258E831A005480CA /* StringTableTest.cpp */ = {isa = PBXFileReference; fileEncoding = 4; lastKnownFileType = sourcecode.cpp.cpp; name = StringTableTest.cpp; path = ../../test/StringTableTest.cpp; sourceTree = "<group>"; };
		4FBC5CAB258E831A005480CA /* SStringTest.cpp */ = {isa = PBXFileReference; fileEncoding = 4; lastKnownFileType = sourcecode.cpp.cpp; name = SStringTest.cpp; path = ../../test/SStringTest.cpp; sourceTree = "<group>"; };
		4FBC5CB0258E833E005480CA /* m_strings.cc */ = {isa = PBXFileReference; fileEncoding = 4; lastKnownFileType = sourcecode.cpp.cpp; name = m_strings.cc; path = ../../src/m_strings.cc; sourceTree = "<group>"; };
		4FBC5CB1258E833E005480CA /* m_strings.h */ = {isa = PBXFileReference; fileEncoding = 4; lastKnownFileType = sourcecode.c.h; name = m_strings.h; path = ../../src/m_strings.h; sourceTree = "<group>"; };
		4FBC5CB2258E833E005480CA /* lib_file.cc */ = {isa = PBXFileReference; fileEncoding = 4; lastKnownFileType = sourcecode.cpp.cpp; name = lib_file.cc; path = ../../src/lib_file.cc; sourceTree = "<group>"; };
		4FBC5CB3258E833E005480CA /* Errors.cpp */ = {isa = PBXFileReference; fileEncoding = 4; lastKnownFileType = sourcecode.cpp.cpp; name = Errors.cpp; path = ../../src/Errors.cpp; sourceTree = "<group>"; };
		4FBC5CB4258E833E005480CA /* Errors.hpp */ = {isa = PBXFileReference; fileEncoding = 4; lastKnownFileType = sourcecode.cpp.h; name = Errors.hpp; path = ../../src/Errors.hpp; sourceTree = "<group>"; };
		4FBC5CB5258E833E005480CA /* lib_file.h */ = {isa = PBXFileReference; fileEncoding = 4; lastKnownFileType = sourcecode.c.h; name = lib_file.h; path = ../../src/lib_file.h; sourceTree = "<group>"; };
		4FBC5CBA258E8396005480CA /* m_bitvec_test.cpp */ = {isa = PBXFileReference; lastKnownFileType = sourcecode.cpp.cpp; name = m_bitvec_test.cpp; path = ../../test/m_bitvec_test.cpp; sourceTree = "<group>"; };
		4FBC5CBD258E83F5005480CA /* m_bitvec.h */ = {isa = PBXFileReference; fileEncoding = 4; lastKnownFileType = sourcecode.c.h; name = m_bitvec.h; path = ../../src/m_bitvec.h; sourceTree = "<group>"; };
		4FBC5CBE258E83F5005480CA /* m_bitvec.cc */ = {isa = PBXFileReference; fileEncoding = 4; lastKnownFileType = sourcecode.cpp.cpp; name = m_bitvec.cc; path = ../../src/m_bitvec.cc; sourceTree = "<group>"; };
		4FBC5CC4258F580F005480CA /* FatalHandler.cpp */ = {isa = PBXFileReference; lastKnownFileType = sourcecode.cpp.cpp; name = FatalHandler.cpp; path = ../../test/testUtils/FatalHandler.cpp; sourceTree = "<group>"; };
		4FBC5CC5258F580F005480CA /* FatalHandler.hpp */ = {isa = PBXFileReference; lastKnownFileType = sourcecode.cpp.h; name = FatalHandler.hpp; path = ../../test/testUtils/FatalHandler.hpp; sourceTree = "<group>"; };
		4FCB3A45253B55870038EFEB /* Eureka-Tests */ = {isa = PBXFileReference; explicitFileType = "compiled.mach-o.executable"; includeInIndex = 0; path = "Eureka-Tests"; sourceTree = BUILT_PRODUCTS_DIR; };
/* End PBXFileReference section */

/* Begin PBXFrameworksBuildPhase section */
		4FCB3A42253B55870038EFEB /* Frameworks */ = {
			isa = PBXFrameworksBuildPhase;
			buildActionMask = 2147483647;
			files = (
			);
			runOnlyForDeploymentPostprocessing = 0;
		};
/* End PBXFrameworksBuildPhase section */

/* Begin PBXGroup section */
		4FBC5BB5258D3600005480CA /* google-test */ = {
			isa = PBXGroup;
			children = (
				4FBC5BCA258D3634005480CA /* gtest.h */,
				4FBC5BB6258D3621005480CA /* gtest_main.cc */,
				4FBC5BB7258D3621005480CA /* gtest-death-test.cc */,
				4FBC5BB9258D3621005480CA /* gtest-filepath.cc */,
				4FBC5BBB258D3621005480CA /* gtest-internal-inl.h */,
				4FBC5BBC258D3621005480CA /* gtest-matchers.cc */,
				4FBC5BBA258D3621005480CA /* gtest-port.cc */,
				4FBC5BBE258D3621005480CA /* gtest-printers.cc */,
				4FBC5BBD258D3621005480CA /* gtest-test-part.cc */,
				4FBC5BBF258D3621005480CA /* gtest-typed-test.cc */,
				4FBC5BB8258D3621005480CA /* gtest.cc */,
			);
			name = "google-test";
			sourceTree = "<group>";
		};
		4FBC5BCC258D3648005480CA /* tests */ = {
			isa = PBXGroup;
			children = (
				4FBC5CA9258E831A005480CA /* lib_file_test.cpp */,
				4FBC5CBA258E8396005480CA /* m_bitvec_test.cpp */,
				4FBC5CAB258E831A005480CA /* SStringTest.cpp */,
				4FBC5CAA258E831A005480CA /* StringTableTest.cpp */,
			);
			name = tests;
			sourceTree = "<group>";
		};
		4FBC5CA8258E8300005480CA /* Eureka */ = {
			isa = PBXGroup;
			children = (
				4FBC5CB3258E833E005480CA /* Errors.cpp */,
				4FBC5CB4258E833E005480CA /* Errors.hpp */,
				4FBC5CB2258E833E005480CA /* lib_file.cc */,
				4FBC5CB5258E833E005480CA /* lib_file.h */,
				4FBC5CBE258E83F5005480CA /* m_bitvec.cc */,
				4FBC5CBD258E83F5005480CA /* m_bitvec.h */,
				4FBC5CB0258E833E005480CA /* m_strings.cc */,
				4FBC5CB1258E833E005480CA /* m_strings.h */,
			);
			name = Eureka;
			sourceTree = "<group>";
		};
		4FBC5CC3258F57DF005480CA /* testUtils */ = {
			isa = PBXGroup;
			children = (
				4FBC5CC4258F580F005480CA /* FatalHandler.cpp */,
				4FBC5CC5258F580F005480CA /* FatalHandler.hpp */,
			);
			name = testUtils;
			sourceTree = "<group>";
		};
		4FCB3A3C253B55870038EFEB = {
			isa = PBXGroup;
			children = (
				4FBC5CC3258F57DF005480CA /* testUtils */,
				4FBC5CA8258E8300005480CA /* Eureka */,
				4FBC5BCC258D3648005480CA /* tests */,
				4FBC5BB5258D3600005480CA /* google-test */,
				4FCB3A46253B55870038EFEB /* Products */,
			);
			sourceTree = "<group>";
			usesTabs = 1;
		};
		4FCB3A46253B55870038EFEB /* Products */ = {
			isa = PBXGroup;
			children = (
				4FCB3A45253B55870038EFEB /* Eureka-Tests */,
			);
			name = Products;
			sourceTree = "<group>";
		};
/* End PBXGroup section */

/* Begin PBXNativeTarget section */
		4FCB3A44253B55870038EFEB /* Eureka-Tests */ = {
			isa = PBXNativeTarget;
			buildConfigurationList = 4FCB3A4C253B55870038EFEB /* Build configuration list for PBXNativeTarget "Eureka-Tests" */;
			buildPhases = (
				4FCB3A41253B55870038EFEB /* Sources */,
				4FCB3A42253B55870038EFEB /* Frameworks */,
				4FCB3A43253B55870038EFEB /* CopyFiles */,
			);
			buildRules = (
			);
			dependencies = (
			);
			name = "Eureka-Tests";
			productName = "Eureka-Tests";
			productReference = 4FCB3A45253B55870038EFEB /* Eureka-Tests */;
			productType = "com.apple.product-type.tool";
		};
/* End PBXNativeTarget section */

/* Begin PBXProject section */
		4FCB3A3D253B55870038EFEB /* Project object */ = {
			isa = PBXProject;
			attributes = {
				LastUpgradeCheck = 1220;
				ORGANIZATIONNAME = "Ioan Chera";
				TargetAttributes = {
					4FCB3A44253B55870038EFEB = {
						CreatedOnToolsVersion = 11.6;
					};
				};
			};
			buildConfigurationList = 4FCB3A40253B55870038EFEB /* Build configuration list for PBXProject "Eureka-Tests" */;
			compatibilityVersion = "Xcode 9.3";
			developmentRegion = en;
			hasScannedForEncodings = 0;
			knownRegions = (
				en,
				Base,
			);
			mainGroup = 4FCB3A3C253B55870038EFEB;
			productRefGroup = 4FCB3A46253B55870038EFEB /* Products */;
			projectDirPath = "";
			projectRoot = "";
			targets = (
				4FCB3A44253B55870038EFEB /* Eureka-Tests */,
			);
		};
/* End PBXProject section */

/* Begin PBXSourcesBuildPhase section */
		4FCB3A41253B55870038EFEB /* Sources */ = {
			isa = PBXSourcesBuildPhase;
			buildActionMask = 2147483647;
			files = (
				4FBC5BC8258D3622005480CA /* gtest-typed-test.cc in Sources */,
				4FBC5CB6258E833E005480CA /* m_strings.cc in Sources */,
				4FBC5CAC258E831A005480CA /* lib_file_test.cpp in Sources */,
				4FBC5CB8258E833E005480CA /* Errors.cpp in Sources */,
				4FBC5CBF258E83F6005480CA /* m_bitvec.cc in Sources */,
				4FBC5CC6258F580F005480CA /* FatalHandler.cpp in Sources */,
				4FBC5BC7258D3622005480CA /* gtest-printers.cc in Sources */,
				4FBC5BC1258D3622005480CA /* gtest-death-test.cc in Sources */,
				4FBC5CAD258E831A005480CA /* StringTableTest.cpp in Sources */,
				4FBC5BC0258D3622005480CA /* gtest_main.cc in Sources */,
				4FBC5BC3258D3622005480CA /* gtest-filepath.cc in Sources */,
				4FBC5BC6258D3622005480CA /* gtest-test-part.cc in Sources */,
				4FBC5CBB258E8396005480CA /* m_bitvec_test.cpp in Sources */,
				4FBC5BC2258D3622005480CA /* gtest.cc in Sources */,
				4FBC5BC5258D3622005480CA /* gtest-matchers.cc in Sources */,
				4FBC5CB7258E833E005480CA /* lib_file.cc in Sources */,
				4FBC5CAE258E831A005480CA /* SStringTest.cpp in Sources */,
				4FBC5BC4258D3622005480CA /* gtest-port.cc in Sources */,
			);
			runOnlyForDeploymentPostprocessing = 0;
		};
/* End PBXSourcesBuildPhase section */

/* Begin XCBuildConfiguration section */
		4FCB3A4A253B55870038EFEB /* Debug */ = {
			isa = XCBuildConfiguration;
			buildSettings = {
				ALWAYS_SEARCH_USER_PATHS = NO;
				CLANG_ANALYZER_NONNULL = YES;
				CLANG_ANALYZER_NUMBER_OBJECT_CONVERSION = YES_AGGRESSIVE;
				CLANG_CXX_LANGUAGE_STANDARD = "gnu++14";
				CLANG_CXX_LIBRARY = "libc++";
				CLANG_ENABLE_MODULES = YES;
				CLANG_ENABLE_OBJC_ARC = YES;
				CLANG_ENABLE_OBJC_WEAK = YES;
				CLANG_WARN_BLOCK_CAPTURE_AUTORELEASING = YES;
				CLANG_WARN_BOOL_CONVERSION = YES;
				CLANG_WARN_COMMA = YES;
				CLANG_WARN_CONSTANT_CONVERSION = YES;
				CLANG_WARN_DEPRECATED_OBJC_IMPLEMENTATIONS = YES;
				CLANG_WARN_DIRECT_OBJC_ISA_USAGE = YES_ERROR;
				CLANG_WARN_EMPTY_BODY = YES;
				CLANG_WARN_ENUM_CONVERSION = YES;
				CLANG_WARN_INFINITE_RECURSION = YES;
				CLANG_WARN_INT_CONVERSION = YES;
				CLANG_WARN_NON_LITERAL_NULL_CONVERSION = YES;
				CLANG_WARN_OBJC_IMPLICIT_RETAIN_SELF = YES;
				CLANG_WARN_OBJC_LITERAL_CONVERSION = YES;
				CLANG_WARN_OBJC_ROOT_CLASS = YES_ERROR;
				CLANG_WARN_RANGE_LOOP_ANALYSIS = YES;
				CLANG_WARN_STRICT_PROTOTYPES = YES;
				CLANG_WARN_SUSPICIOUS_MOVE = YES;
				CLANG_WARN_UNGUARDED_AVAILABILITY = YES_AGGRESSIVE;
				CLANG_WARN_UNREACHABLE_CODE = YES;
				CLANG_WARN__DUPLICATE_METHOD_MATCH = YES;
				COPY_PHASE_STRIP = NO;
				DEBUG_INFORMATION_FORMAT = dwarf;
				ENABLE_STRICT_OBJC_MSGSEND = YES;
				ENABLE_TESTABILITY = YES;
				GCC_C_LANGUAGE_STANDARD = gnu11;
				GCC_DYNAMIC_NO_PIC = NO;
				GCC_NO_COMMON_BLOCKS = YES;
				GCC_OPTIMIZATION_LEVEL = 0;
				GCC_PREPROCESSOR_DEFINITIONS = (
					"DEBUG=1",
					"$(inherited)",
				);
				GCC_WARN_64_TO_32_BIT_CONVERSION = YES;
				GCC_WARN_ABOUT_RETURN_TYPE = YES_ERROR;
				GCC_WARN_UNDECLARED_SELECTOR = YES;
				GCC_WARN_UNINITIALIZED_AUTOS = YES_AGGRESSIVE;
				GCC_WARN_UNUSED_FUNCTION = YES;
				GCC_WARN_UNUSED_VARIABLE = YES;
				HEADER_SEARCH_PATHS = (
					../../modules/googletest/googletest/include,
					../../modules/googletest/googletest,
					..,
				);
				MACOSX_DEPLOYMENT_TARGET = 10.15;
				MTL_ENABLE_DEBUG_INFO = INCLUDE_SOURCE;
				MTL_FAST_MATH = YES;
				ONLY_ACTIVE_ARCH = YES;
				SDKROOT = macosx;
			};
			name = Debug;
		};
		4FCB3A4B253B55870038EFEB /* Release */ = {
			isa = XCBuildConfiguration;
			buildSettings = {
				ALWAYS_SEARCH_USER_PATHS = NO;
				CLANG_ANALYZER_NONNULL = YES;
				CLANG_ANALYZER_NUMBER_OBJECT_CONVERSION = YES_AGGRESSIVE;
				CLANG_CXX_LANGUAGE_STANDARD = "gnu++14";
				CLANG_CXX_LIBRARY = "libc++";
				CLANG_ENABLE_MODULES = YES;
				CLANG_ENABLE_OBJC_ARC = YES;
				CLANG_ENABLE_OBJC_WEAK = YES;
				CLANG_WARN_BLOCK_CAPTURE_AUTORELEASING = YES;
				CLANG_WARN_BOOL_CONVERSION = YES;
				CLANG_WARN_COMMA = YES;
				CLANG_WARN_CONSTANT_CONVERSION = YES;
				CLANG_WARN_DEPRECATED_OBJC_IMPLEMENTATIONS = YES;
				CLANG_WARN_DIRECT_OBJC_ISA_USAGE = YES_ERROR;
				CLANG_WARN_EMPTY_BODY = YES;
				CLANG_WARN_ENUM_CONVERSION = YES;
				CLANG_WARN_INFINITE_RECURSION = YES;
				CLANG_WARN_INT_CONVERSION = YES;
				CLANG_WARN_NON_LITERAL_NULL_CONVERSION = YES;
				CLANG_WARN_OBJC_IMPLICIT_RETAIN_SELF = YES;
				CLANG_WARN_OBJC_LITERAL_CONVERSION = YES;
				CLANG_WARN_OBJC_ROOT_CLASS = YES_ERROR;
				CLANG_WARN_RANGE_LOOP_ANALYSIS = YES;
				CLANG_WARN_STRICT_PROTOTYPES = YES;
				CLANG_WARN_SUSPICIOUS_MOVE = YES;
				CLANG_WARN_UNGUARDED_AVAILABILITY = YES_AGGRESSIVE;
				CLANG_WARN_UNREACHABLE_CODE = YES;
				CLANG_WARN__DUPLICATE_METHOD_MATCH = YES;
				COPY_PHASE_STRIP = NO;
				DEBUG_INFORMATION_FORMAT = "dwarf-with-dsym";
				ENABLE_NS_ASSERTIONS = NO;
				ENABLE_STRICT_OBJC_MSGSEND = YES;
				GCC_C_LANGUAGE_STANDARD = gnu11;
				GCC_NO_COMMON_BLOCKS = YES;
				GCC_WARN_64_TO_32_BIT_CONVERSION = YES;
				GCC_WARN_ABOUT_RETURN_TYPE = YES_ERROR;
				GCC_WARN_UNDECLARED_SELECTOR = YES;
				GCC_WARN_UNINITIALIZED_AUTOS = YES_AGGRESSIVE;
				GCC_WARN_UNUSED_FUNCTION = YES;
				GCC_WARN_UNUSED_VARIABLE = YES;
				HEADER_SEARCH_PATHS = (
					../../modules/googletest/googletest/include,
					../../modules/googletest/googletest,
					..,
				);
				MACOSX_DEPLOYMENT_TARGET = 10.15;
				MTL_ENABLE_DEBUG_INFO = NO;
				MTL_FAST_MATH = YES;
				SDKROOT = macosx;
			};
			name = Release;
		};
		4FCB3A4D253B55870038EFEB /* Debug */ = {
			isa = XCBuildConfiguration;
			buildSettings = {
				CODE_SIGN_IDENTITY = "-";
				CODE_SIGN_STYLE = Automatic;
				DEVELOPMENT_TEAM = 66L236F264;
				ENABLE_HARDENED_RUNTIME = YES;
				PRODUCT_NAME = "$(TARGET_NAME)";
			};
			name = Debug;
		};
		4FCB3A4E253B55870038EFEB /* Release */ = {
			isa = XCBuildConfiguration;
			buildSettings = {
				CODE_SIGN_IDENTITY = "-";
				CODE_SIGN_STYLE = Automatic;
				DEVELOPMENT_TEAM = 66L236F264;
				ENABLE_HARDENED_RUNTIME = YES;
				PRODUCT_NAME = "$(TARGET_NAME)";
			};
			name = Release;
		};
/* End XCBuildConfiguration section */

/* Begin XCConfigurationList section */
		4FCB3A40253B55870038EFEB /* Build configuration list for PBXProject "Eureka-Tests" */ = {
			isa = XCConfigurationList;
			buildConfigurations = (
				4FCB3A4A253B55870038EFEB /* Debug */,
				4FCB3A4B253B55870038EFEB /* Release */,
			);
			defaultConfigurationIsVisible = 0;
			defaultConfigurationName = Release;
		};
		4FCB3A4C253B55870038EFEB /* Build configuration list for PBXNativeTarget "Eureka-Tests" */ = {
			isa = XCConfigurationList;
			buildConfigurations = (
				4FCB3A4D253B55870038EFEB /* Debug */,
				4FCB3A4E253B55870038EFEB /* Release */,
			);
			defaultConfigurationIsVisible = 0;
			defaultConfigurationName = Release;
		};
/* End XCConfigurationList section */
	};
	rootObject = 4FCB3A3D253B55870038EFEB /* Project object */;
}
