// !$*UTF8*$!
{
	archiveVersion = 1;
	classes = {
	};
	objectVersion = 46;
	objects = {

/* Begin PBXBuildFile section */
		4F13FF231A16C1E700B64656 /* bindings.cfg in CopyFiles */ = {isa = PBXBuildFile; fileRef = 4F13FF211A16C19700B64656 /* bindings.cfg */; };
		4F2D365417C96A7E003BEEE9 /* OSXCalls.mm in Sources */ = {isa = PBXBuildFile; fileRef = 4F2D365217C96A7E003BEEE9 /* OSXCalls.mm */; };
		4F48AAD520E8001100AD935F /* libfltk.a in Frameworks */ = {isa = PBXBuildFile; fileRef = 4F48AAD420E8001000AD935F /* libfltk.a */; };
		4F48AAD720E8002100AD935F /* libfltk_png.a in Frameworks */ = {isa = PBXBuildFile; fileRef = 4F48AAD620E8002100AD935F /* libfltk_png.a */; };
		4F48AAD920E8002C00AD935F /* libfltk_images.a in Frameworks */ = {isa = PBXBuildFile; fileRef = 4F48AAD820E8002C00AD935F /* libfltk_images.a */; };
		4F48AADB20E8003A00AD935F /* libz.tbd in Frameworks */ = {isa = PBXBuildFile; fileRef = 4F48AADA20E8003A00AD935F /* libz.tbd */; };
		4F48AADD20E8005500AD935F /* libfltk_jpeg.a in Frameworks */ = {isa = PBXBuildFile; fileRef = 4F48AADC20E8005500AD935F /* libfltk_jpeg.a */; };
		4F48AAE020E8009C00AD935F /* m_editlump.cc in Sources */ = {isa = PBXBuildFile; fileRef = 4F48AADF20E8009C00AD935F /* m_editlump.cc */; };
		4F48AAE320E800C800AD935F /* ui_editor.cc in Sources */ = {isa = PBXBuildFile; fileRef = 4F48AAE120E800C800AD935F /* ui_editor.cc */; };
		4F7C61C51E2FFD56008B578F /* bsp_level.cc in Sources */ = {isa = PBXBuildFile; fileRef = 4F7C61C11E2FFD56008B578F /* bsp_level.cc */; };
		4F7C61C61E2FFD56008B578F /* bsp_node.cc in Sources */ = {isa = PBXBuildFile; fileRef = 4F7C61C21E2FFD56008B578F /* bsp_node.cc */; };
		4F7C61C71E2FFD56008B578F /* bsp_util.cc in Sources */ = {isa = PBXBuildFile; fileRef = 4F7C61C31E2FFD56008B578F /* bsp_util.cc */; };
		4F7C61CF1E2FFD7C008B578F /* e_commands.cc in Sources */ = {isa = PBXBuildFile; fileRef = 4F7C61CB1E2FFD7C008B578F /* e_commands.cc */; };
		4F7C61D01E2FFD7C008B578F /* e_hover.cc in Sources */ = {isa = PBXBuildFile; fileRef = 4F7C61CC1E2FFD7C008B578F /* e_hover.cc */; };
		4F7C61D11E2FFD7C008B578F /* e_main.cc in Sources */ = {isa = PBXBuildFile; fileRef = 4F7C61CD1E2FFD7C008B578F /* e_main.cc */; };
		4F7C61D21E2FFD7C008B578F /* e_objects.cc in Sources */ = {isa = PBXBuildFile; fileRef = 4F7C61CE1E2FFD7C008B578F /* e_objects.cc */; };
		4F7C61DC1E2FFD9D008B578F /* lib_tga.cc in Sources */ = {isa = PBXBuildFile; fileRef = 4F7C61D31E2FFD9D008B578F /* lib_tga.cc */; };
		4F7C61DD1E2FFD9D008B578F /* m_events.cc in Sources */ = {isa = PBXBuildFile; fileRef = 4F7C61D51E2FFD9D008B578F /* m_events.cc */; };
		4F7C61DE1E2FFD9D008B578F /* m_loadsave.cc in Sources */ = {isa = PBXBuildFile; fileRef = 4F7C61D71E2FFD9D008B578F /* m_loadsave.cc */; };
		4F7C61DF1E2FFD9D008B578F /* m_nodes.cc in Sources */ = {isa = PBXBuildFile; fileRef = 4F7C61D91E2FFD9D008B578F /* m_nodes.cc */; };
		4F7C61E01E2FFD9D008B578F /* m_testmap.cc in Sources */ = {isa = PBXBuildFile; fileRef = 4F7C61DB1E2FFD9D008B578F /* m_testmap.cc */; };
		4F7C61E51E2FFE15008B578F /* defaults.cfg in CopyFiles */ = {isa = PBXBuildFile; fileRef = 4F7C61E11E2FFDFB008B578F /* defaults.cfg */; };
		4F7C61E61E2FFE15008B578F /* operations.cfg in CopyFiles */ = {isa = PBXBuildFile; fileRef = 4F7C61E21E2FFDFB008B578F /* operations.cfg */; };
		4F9C53A01A6CECFA001F4427 /* ui_default.cc in Sources */ = {isa = PBXBuildFile; fileRef = 4F9C539C1A6CECFA001F4427 /* ui_default.cc */; };
		4F9C53A11A6CECFA001F4427 /* ui_replace.cc in Sources */ = {isa = PBXBuildFile; fileRef = 4F9C539E1A6CECFA001F4427 /* ui_replace.cc */; };
		4FB8211823F491F80044B1C3 /* OpenGL.framework in Frameworks */ = {isa = PBXBuildFile; fileRef = 4FB8211723F491F80044B1C3 /* OpenGL.framework */; };
		4FB8211F23F4924A0044B1C3 /* r_opengl.cc in Sources */ = {isa = PBXBuildFile; fileRef = 4FB8211B23F4924A0044B1C3 /* r_opengl.cc */; };
		4FB8212023F4924A0044B1C3 /* r_software.cc in Sources */ = {isa = PBXBuildFile; fileRef = 4FB8211C23F4924A0044B1C3 /* r_software.cc */; };
		4FB8212123F4924A0044B1C3 /* m_udmf.cc in Sources */ = {isa = PBXBuildFile; fileRef = 4FB8211D23F4924A0044B1C3 /* m_udmf.cc */; };
		4FB8212223F4924A0044B1C3 /* r_subdiv.cc in Sources */ = {isa = PBXBuildFile; fileRef = 4FB8211E23F4924A0044B1C3 /* r_subdiv.cc */; };
		4FB8212423F4928B0044B1C3 /* libfltk_gl.a in Frameworks */ = {isa = PBXBuildFile; fileRef = 4FB8212323F4928B0044B1C3 /* libfltk_gl.a */; };
		4FBC5BE6258D44EB005480CA /* Errors.cpp in Sources */ = {isa = PBXBuildFile; fileRef = 4FBC5BE2258D4268005480CA /* Errors.cpp */; };
		4FBD7302179FC5ED00937B50 /* about_logo.png in CopyFiles */ = {isa = PBXBuildFile; fileRef = 4FBD7301179FC5ED00937B50 /* about_logo.png */; };
		4FC7E6782592924E005EFDA1 /* Document.cc in Sources */ = {isa = PBXBuildFile; fileRef = 4FC7E6762592924E005EFDA1 /* Document.cc */; };
		FA1E04EE16689A2900ED41DC /* ui_misc.cc in Sources */ = {isa = PBXBuildFile; fileRef = FA1E04EC16689A2900ED41DC /* ui_misc.cc */; };
		FA244640166CAA6100C68ED8 /* common in CopyFiles */ = {isa = PBXBuildFile; fileRef = FA24463A166CAA6100C68ED8 /* common */; };
		FA244642166CAA6100C68ED8 /* games in CopyFiles */ = {isa = PBXBuildFile; fileRef = FA24463C166CAA6100C68ED8 /* games */; };
		FA244645166CAA6100C68ED8 /* ports in CopyFiles */ = {isa = PBXBuildFile; fileRef = FA24463F166CAA6100C68ED8 /* ports */; };
		FA4433D116AD9CB800525112 /* m_keys.cc in Sources */ = {isa = PBXBuildFile; fileRef = FA4433CF16AD9CB800525112 /* m_keys.cc */; };
		FA5E2C2D165B8F860024D6A5 /* Cocoa.framework in Frameworks */ = {isa = PBXBuildFile; fileRef = FA5E2C2C165B8F860024D6A5 /* Cocoa.framework */; };
		FA5E2C37165B8F860024D6A5 /* InfoPlist.strings in Resources */ = {isa = PBXBuildFile; fileRef = FA5E2C35165B8F860024D6A5 /* InfoPlist.strings */; };
		FA5E2C3D165B8F860024D6A5 /* Credits.rtf in Resources */ = {isa = PBXBuildFile; fileRef = FA5E2C3B165B8F860024D6A5 /* Credits.rtf */; };
		FA5E2C43165B8F860024D6A5 /* MainMenu.xib in Resources */ = {isa = PBXBuildFile; fileRef = FA5E2C41165B8F860024D6A5 /* MainMenu.xib */; };
		FA5E2C4C165B8F870024D6A5 /* Cocoa.framework in Frameworks */ = {isa = PBXBuildFile; fileRef = FA5E2C2C165B8F860024D6A5 /* Cocoa.framework */; };
		FA85EEE816936A3A00CA6FC2 /* m_files.cc in Sources */ = {isa = PBXBuildFile; fileRef = FA85EEE216936A3A00CA6FC2 /* m_files.cc */; };
		FA85EEE916936A3A00CA6FC2 /* ui_file.cc in Sources */ = {isa = PBXBuildFile; fileRef = FA85EEE416936A3A00CA6FC2 /* ui_file.cc */; };
		FA85EEEA16936A3A00CA6FC2 /* ui_prefs.cc in Sources */ = {isa = PBXBuildFile; fileRef = FA85EEE616936A3A00CA6FC2 /* ui_prefs.cc */; };
		FA8DBCFC165D293600FCFB1A /* main.cc in Sources */ = {isa = PBXBuildFile; fileRef = FA8DBCFA165D293600FCFB1A /* main.cc */; };
		FA8DBD73165D435600FCFB1A /* Eureka Doom EditorIcon.icns in Resources */ = {isa = PBXBuildFile; fileRef = FA8DBD72165D435600FCFB1A /* Eureka Doom EditorIcon.icns */; };
		FABBC0FA165B90280080245F /* e_basis.cc in Sources */ = {isa = PBXBuildFile; fileRef = FABBC080165B90280080245F /* e_basis.cc */; };
		FABBC0FB165B90280080245F /* e_checks.cc in Sources */ = {isa = PBXBuildFile; fileRef = FABBC082165B90280080245F /* e_checks.cc */; };
		FABBC0FC165B90280080245F /* e_cutpaste.cc in Sources */ = {isa = PBXBuildFile; fileRef = FABBC084165B90280080245F /* e_cutpaste.cc */; };
		FABBC0FD165B90280080245F /* e_linedef.cc in Sources */ = {isa = PBXBuildFile; fileRef = FABBC086165B90280080245F /* e_linedef.cc */; };
		FABBC100165B90280080245F /* e_path.cc in Sources */ = {isa = PBXBuildFile; fileRef = FABBC08C165B90280080245F /* e_path.cc */; };
		FABBC101165B90280080245F /* e_sector.cc in Sources */ = {isa = PBXBuildFile; fileRef = FABBC08E165B90280080245F /* e_sector.cc */; };
		FABBC102165B90280080245F /* e_things.cc in Sources */ = {isa = PBXBuildFile; fileRef = FABBC090165B90280080245F /* e_things.cc */; };
		FABBC103165B90280080245F /* e_vertex.cc in Sources */ = {isa = PBXBuildFile; fileRef = FABBC092165B90280080245F /* e_vertex.cc */; };
		FABBC105165B90280080245F /* im_color.cc in Sources */ = {isa = PBXBuildFile; fileRef = FABBC097165B90280080245F /* im_color.cc */; };
		FABBC106165B90280080245F /* im_img.cc in Sources */ = {isa = PBXBuildFile; fileRef = FABBC099165B90280080245F /* im_img.cc */; };
		FABBC108165B90280080245F /* lib_adler.cc in Sources */ = {isa = PBXBuildFile; fileRef = FABBC09D165B90280080245F /* lib_adler.cc */; };
		FABBC109165B90280080245F /* lib_file.cc in Sources */ = {isa = PBXBuildFile; fileRef = FABBC09F165B90280080245F /* lib_file.cc */; };
		FABBC10A165B90280080245F /* lib_util.cc in Sources */ = {isa = PBXBuildFile; fileRef = FABBC0A1165B90280080245F /* lib_util.cc */; };
		FABBC10B165B90280080245F /* m_bitvec.cc in Sources */ = {isa = PBXBuildFile; fileRef = FABBC0A3165B90280080245F /* m_bitvec.cc */; };
		FABBC10C165B90280080245F /* m_config.cc in Sources */ = {isa = PBXBuildFile; fileRef = FABBC0A5165B90280080245F /* m_config.cc */; };
		FABBC10E165B90280080245F /* m_game.cc in Sources */ = {isa = PBXBuildFile; fileRef = FABBC0A9165B90280080245F /* m_game.cc */; };
		FABBC10F165B90280080245F /* m_select.cc in Sources */ = {isa = PBXBuildFile; fileRef = FABBC0AB165B90280080245F /* m_select.cc */; };
		FABBC110165B90280080245F /* m_strings.cc in Sources */ = {isa = PBXBuildFile; fileRef = FABBC0AD165B90280080245F /* m_strings.cc */; };
		FABBC113165B90280080245F /* r_grid.cc in Sources */ = {isa = PBXBuildFile; fileRef = FABBC0B4165B90280080245F /* r_grid.cc */; };
		FABBC115165B90280080245F /* r_render.cc in Sources */ = {isa = PBXBuildFile; fileRef = FABBC0B8165B90280080245F /* r_render.cc */; };
		FABBC118165B90280080245F /* sys_debug.cc in Sources */ = {isa = PBXBuildFile; fileRef = FABBC0BE165B90280080245F /* sys_debug.cc */; };
		FABBC119165B90280080245F /* ui_about.cc in Sources */ = {isa = PBXBuildFile; fileRef = FABBC0C3165B90280080245F /* ui_about.cc */; };
		FABBC11A165B90280080245F /* ui_browser.cc in Sources */ = {isa = PBXBuildFile; fileRef = FABBC0C5165B90280080245F /* ui_browser.cc */; };
		FABBC11B165B90280080245F /* ui_canvas.cc in Sources */ = {isa = PBXBuildFile; fileRef = FABBC0C7165B90280080245F /* ui_canvas.cc */; };
		FABBC11C165B90280080245F /* ui_dialog.cc in Sources */ = {isa = PBXBuildFile; fileRef = FABBC0C9165B90280080245F /* ui_dialog.cc */; };
		FABBC11D165B90280080245F /* ui_hyper.cc in Sources */ = {isa = PBXBuildFile; fileRef = FABBC0CB165B90280080245F /* ui_hyper.cc */; };
		FABBC11E165B90280080245F /* ui_infobar.cc in Sources */ = {isa = PBXBuildFile; fileRef = FABBC0CD165B90280080245F /* ui_infobar.cc */; };
		FABBC11F165B90280080245F /* ui_linedef.cc in Sources */ = {isa = PBXBuildFile; fileRef = FABBC0CF165B90280080245F /* ui_linedef.cc */; };
		FABBC120165B90280080245F /* ui_menu.cc in Sources */ = {isa = PBXBuildFile; fileRef = FABBC0D1165B90280080245F /* ui_menu.cc */; };
		FABBC122165B90280080245F /* ui_nombre.cc in Sources */ = {isa = PBXBuildFile; fileRef = FABBC0D5165B90280080245F /* ui_nombre.cc */; };
		FABBC123165B90280080245F /* ui_pic.cc in Sources */ = {isa = PBXBuildFile; fileRef = FABBC0D7165B90280080245F /* ui_pic.cc */; };
		FABBC125165B90280080245F /* ui_scroll.cc in Sources */ = {isa = PBXBuildFile; fileRef = FABBC0DB165B90280080245F /* ui_scroll.cc */; };
		FABBC126165B90280080245F /* ui_sector.cc in Sources */ = {isa = PBXBuildFile; fileRef = FABBC0DD165B90280080245F /* ui_sector.cc */; };
		FABBC127165B90280080245F /* ui_sidedef.cc in Sources */ = {isa = PBXBuildFile; fileRef = FABBC0DF165B90280080245F /* ui_sidedef.cc */; };
		FABBC128165B90280080245F /* ui_thing.cc in Sources */ = {isa = PBXBuildFile; fileRef = FABBC0E1165B90280080245F /* ui_thing.cc */; };
		FABBC129165B90280080245F /* ui_tile.cc in Sources */ = {isa = PBXBuildFile; fileRef = FABBC0E3165B90280080245F /* ui_tile.cc */; };
		FABBC12A165B90280080245F /* ui_vertex.cc in Sources */ = {isa = PBXBuildFile; fileRef = FABBC0E5165B90280080245F /* ui_vertex.cc */; };
		FABBC12B165B90280080245F /* ui_window.cc in Sources */ = {isa = PBXBuildFile; fileRef = FABBC0E7165B90280080245F /* ui_window.cc */; };
		FABBC12D165B90280080245F /* w_loadpic.cc in Sources */ = {isa = PBXBuildFile; fileRef = FABBC0EB165B90280080245F /* w_loadpic.cc */; };
		FABBC12F165B90280080245F /* w_texture.cc in Sources */ = {isa = PBXBuildFile; fileRef = FABBC0F0165B90280080245F /* w_texture.cc */; };
		FABBC130165B90280080245F /* w_wad.cc in Sources */ = {isa = PBXBuildFile; fileRef = FABBC0F2165B90280080245F /* w_wad.cc */; };
		FADB99F316B017D600A28204 /* AppDelegate.mm in Sources */ = {isa = PBXBuildFile; fileRef = FADB99F216B017D600A28204 /* AppDelegate.mm */; };
/* End PBXBuildFile section */

/* Begin PBXContainerItemProxy section */
		4FCB3A53253B559A0038EFEB /* PBXContainerItemProxy */ = {
			isa = PBXContainerItemProxy;
			containerPortal = 4FCB3A4F253B559A0038EFEB /* Eureka-Tests.xcodeproj */;
			proxyType = 2;
			remoteGlobalIDString = 4FCB3A45253B55870038EFEB;
			remoteInfo = "Eureka-Tests";
		};
		FA5E2C4D165B8F870024D6A5 /* PBXContainerItemProxy */ = {
			isa = PBXContainerItemProxy;
			containerPortal = FA5E2C1F165B8F860024D6A5 /* Project object */;
			proxyType = 1;
			remoteGlobalIDString = FA5E2C27165B8F860024D6A5;
			remoteInfo = EurekaApp;
		};
/* End PBXContainerItemProxy section */

/* Begin PBXCopyFilesBuildPhase section */
		FA177ABD165FD56200B797F3 /* CopyFiles */ = {
			isa = PBXCopyFilesBuildPhase;
			buildActionMask = 2147483647;
			dstPath = "";
			dstSubfolderSpec = 10;
			files = (
			);
			runOnlyForDeploymentPostprocessing = 0;
		};
		FAF8A110165C0001009B4C14 /* CopyFiles */ = {
			isa = PBXCopyFilesBuildPhase;
			buildActionMask = 2147483647;
			dstPath = "";
			dstSubfolderSpec = 7;
			files = (
				4F7C61E51E2FFE15008B578F /* defaults.cfg in CopyFiles */,
				4F7C61E61E2FFE15008B578F /* operations.cfg in CopyFiles */,
				FA244640166CAA6100C68ED8 /* common in CopyFiles */,
				4F13FF231A16C1E700B64656 /* bindings.cfg in CopyFiles */,
				FA244642166CAA6100C68ED8 /* games in CopyFiles */,
				4FBD7302179FC5ED00937B50 /* about_logo.png in CopyFiles */,
				FA244645166CAA6100C68ED8 /* ports in CopyFiles */,
			);
			runOnlyForDeploymentPostprocessing = 0;
		};
/* End PBXCopyFilesBuildPhase section */

/* Begin PBXFileReference section */
		4F13FF211A16C19700B64656 /* bindings.cfg */ = {isa = PBXFileReference; fileEncoding = 4; lastKnownFileType = text; name = bindings.cfg; path = ../bindings.cfg; sourceTree = "<group>"; };
		4F2D365217C96A7E003BEEE9 /* OSXCalls.mm */ = {isa = PBXFileReference; fileEncoding = 4; lastKnownFileType = sourcecode.cpp.objcpp; path = OSXCalls.mm; sourceTree = "<group>"; };
		4F2D365317C96A7E003BEEE9 /* OSXCalls.h */ = {isa = PBXFileReference; fileEncoding = 4; lastKnownFileType = sourcecode.c.h; path = OSXCalls.h; sourceTree = "<group>"; };
		4F48AAD420E8001000AD935F /* libfltk.a */ = {isa = PBXFileReference; lastKnownFileType = archive.ar; name = libfltk.a; path = "fltk-1.3.4-2/lib/libfltk.a"; sourceTree = "<group>"; };
		4F48AAD620E8002100AD935F /* libfltk_png.a */ = {isa = PBXFileReference; lastKnownFileType = archive.ar; name = libfltk_png.a; path = "fltk-1.3.4-2/lib/libfltk_png.a"; sourceTree = "<group>"; };
		4F48AAD820E8002C00AD935F /* libfltk_images.a */ = {isa = PBXFileReference; lastKnownFileType = archive.ar; name = libfltk_images.a; path = "fltk-1.3.4-2/lib/libfltk_images.a"; sourceTree = "<group>"; };
		4F48AADA20E8003A00AD935F /* libz.tbd */ = {isa = PBXFileReference; lastKnownFileType = "sourcecode.text-based-dylib-definition"; name = libz.tbd; path = usr/lib/libz.tbd; sourceTree = SDKROOT; };
		4F48AADC20E8005500AD935F /* libfltk_jpeg.a */ = {isa = PBXFileReference; lastKnownFileType = archive.ar; name = libfltk_jpeg.a; path = "fltk-1.3.4-2/lib/libfltk_jpeg.a"; sourceTree = "<group>"; };
		4F48AADE20E8009C00AD935F /* m_editlump.h */ = {isa = PBXFileReference; fileEncoding = 4; lastKnownFileType = sourcecode.c.h; name = m_editlump.h; path = ../../src/m_editlump.h; sourceTree = "<group>"; };
		4F48AADF20E8009C00AD935F /* m_editlump.cc */ = {isa = PBXFileReference; fileEncoding = 4; lastKnownFileType = sourcecode.cpp.cpp; name = m_editlump.cc; path = ../../src/m_editlump.cc; sourceTree = "<group>"; };
		4F48AAE120E800C800AD935F /* ui_editor.cc */ = {isa = PBXFileReference; fileEncoding = 4; lastKnownFileType = sourcecode.cpp.cpp; name = ui_editor.cc; path = ../../src/ui_editor.cc; sourceTree = "<group>"; };
		4F48AAE220E800C800AD935F /* ui_editor.h */ = {isa = PBXFileReference; fileEncoding = 4; lastKnownFileType = sourcecode.c.h; name = ui_editor.h; path = ../../src/ui_editor.h; sourceTree = "<group>"; };
		4F7C61C11E2FFD56008B578F /* bsp_level.cc */ = {isa = PBXFileReference; fileEncoding = 4; lastKnownFileType = sourcecode.cpp.cpp; name = bsp_level.cc; path = ../../src/bsp_level.cc; sourceTree = "<group>"; };
		4F7C61C21E2FFD56008B578F /* bsp_node.cc */ = {isa = PBXFileReference; fileEncoding = 4; lastKnownFileType = sourcecode.cpp.cpp; name = bsp_node.cc; path = ../../src/bsp_node.cc; sourceTree = "<group>"; };
		4F7C61C31E2FFD56008B578F /* bsp_util.cc */ = {isa = PBXFileReference; fileEncoding = 4; lastKnownFileType = sourcecode.cpp.cpp; name = bsp_util.cc; path = ../../src/bsp_util.cc; sourceTree = "<group>"; };
		4F7C61C41E2FFD56008B578F /* bsp.h */ = {isa = PBXFileReference; fileEncoding = 4; lastKnownFileType = sourcecode.c.h; name = bsp.h; path = ../../src/bsp.h; sourceTree = "<group>"; };
		4F7C61C81E2FFD68008B578F /* e_hover.h */ = {isa = PBXFileReference; fileEncoding = 4; lastKnownFileType = sourcecode.c.h; name = e_hover.h; path = ../../src/e_hover.h; sourceTree = "<group>"; };
		4F7C61C91E2FFD68008B578F /* e_main.h */ = {isa = PBXFileReference; fileEncoding = 4; lastKnownFileType = sourcecode.c.h; name = e_main.h; path = ../../src/e_main.h; sourceTree = "<group>"; };
		4F7C61CA1E2FFD68008B578F /* e_objects.h */ = {isa = PBXFileReference; fileEncoding = 4; lastKnownFileType = sourcecode.c.h; name = e_objects.h; path = ../../src/e_objects.h; sourceTree = "<group>"; };
		4F7C61CB1E2FFD7C008B578F /* e_commands.cc */ = {isa = PBXFileReference; fileEncoding = 4; lastKnownFileType = sourcecode.cpp.cpp; name = e_commands.cc; path = ../../src/e_commands.cc; sourceTree = "<group>"; };
		4F7C61CC1E2FFD7C008B578F /* e_hover.cc */ = {isa = PBXFileReference; fileEncoding = 4; lastKnownFileType = sourcecode.cpp.cpp; name = e_hover.cc; path = ../../src/e_hover.cc; sourceTree = "<group>"; };
		4F7C61CD1E2FFD7C008B578F /* e_main.cc */ = {isa = PBXFileReference; fileEncoding = 4; lastKnownFileType = sourcecode.cpp.cpp; name = e_main.cc; path = ../../src/e_main.cc; sourceTree = "<group>"; };
		4F7C61CE1E2FFD7C008B578F /* e_objects.cc */ = {isa = PBXFileReference; fileEncoding = 4; lastKnownFileType = sourcecode.cpp.cpp; name = e_objects.cc; path = ../../src/e_objects.cc; sourceTree = "<group>"; };
		4F7C61D31E2FFD9D008B578F /* lib_tga.cc */ = {isa = PBXFileReference; fileEncoding = 4; lastKnownFileType = sourcecode.cpp.cpp; name = lib_tga.cc; path = ../../src/lib_tga.cc; sourceTree = "<group>"; };
		4F7C61D41E2FFD9D008B578F /* lib_tga.h */ = {isa = PBXFileReference; fileEncoding = 4; lastKnownFileType = sourcecode.c.h; name = lib_tga.h; path = ../../src/lib_tga.h; sourceTree = "<group>"; };
		4F7C61D51E2FFD9D008B578F /* m_events.cc */ = {isa = PBXFileReference; fileEncoding = 4; lastKnownFileType = sourcecode.cpp.cpp; name = m_events.cc; path = ../../src/m_events.cc; sourceTree = "<group>"; };
		4F7C61D61E2FFD9D008B578F /* m_events.h */ = {isa = PBXFileReference; fileEncoding = 4; lastKnownFileType = sourcecode.c.h; name = m_events.h; path = ../../src/m_events.h; sourceTree = "<group>"; };
		4F7C61D71E2FFD9D008B578F /* m_loadsave.cc */ = {isa = PBXFileReference; fileEncoding = 4; lastKnownFileType = sourcecode.cpp.cpp; name = m_loadsave.cc; path = ../../src/m_loadsave.cc; sourceTree = "<group>"; };
		4F7C61D81E2FFD9D008B578F /* m_loadsave.h */ = {isa = PBXFileReference; fileEncoding = 4; lastKnownFileType = sourcecode.c.h; name = m_loadsave.h; path = ../../src/m_loadsave.h; sourceTree = "<group>"; };
		4F7C61D91E2FFD9D008B578F /* m_nodes.cc */ = {isa = PBXFileReference; fileEncoding = 4; lastKnownFileType = sourcecode.cpp.cpp; name = m_nodes.cc; path = ../../src/m_nodes.cc; sourceTree = "<group>"; };
		4F7C61DA1E2FFD9D008B578F /* m_nodes.h */ = {isa = PBXFileReference; fileEncoding = 4; lastKnownFileType = sourcecode.c.h; name = m_nodes.h; path = ../../src/m_nodes.h; sourceTree = "<group>"; };
		4F7C61DB1E2FFD9D008B578F /* m_testmap.cc */ = {isa = PBXFileReference; fileEncoding = 4; lastKnownFileType = sourcecode.cpp.cpp; name = m_testmap.cc; path = ../../src/m_testmap.cc; sourceTree = "<group>"; };
		4F7C61E11E2FFDFB008B578F /* defaults.cfg */ = {isa = PBXFileReference; fileEncoding = 4; lastKnownFileType = text; name = defaults.cfg; path = ../defaults.cfg; sourceTree = "<group>"; };
		4F7C61E21E2FFDFB008B578F /* operations.cfg */ = {isa = PBXFileReference; fileEncoding = 4; lastKnownFileType = text; name = operations.cfg; path = ../operations.cfg; sourceTree = "<group>"; };
		4F9C539C1A6CECFA001F4427 /* ui_default.cc */ = {isa = PBXFileReference; fileEncoding = 4; lastKnownFileType = sourcecode.cpp.cpp; name = ui_default.cc; path = ../../src/ui_default.cc; sourceTree = "<group>"; };
		4F9C539D1A6CECFA001F4427 /* ui_default.h */ = {isa = PBXFileReference; fileEncoding = 4; lastKnownFileType = sourcecode.c.h; name = ui_default.h; path = ../../src/ui_default.h; sourceTree = "<group>"; };
		4F9C539E1A6CECFA001F4427 /* ui_replace.cc */ = {isa = PBXFileReference; fileEncoding = 4; lastKnownFileType = sourcecode.cpp.cpp; name = ui_replace.cc; path = ../../src/ui_replace.cc; sourceTree = "<group>"; };
		4F9C539F1A6CECFA001F4427 /* ui_replace.h */ = {isa = PBXFileReference; fileEncoding = 4; lastKnownFileType = sourcecode.c.h; name = ui_replace.h; path = ../../src/ui_replace.h; sourceTree = "<group>"; };
		4FB6558E22621A71002D7396 /* Base */ = {isa = PBXFileReference; lastKnownFileType = file.xib; name = Base; path = Base.lproj/MainMenu.xib; sourceTree = "<group>"; };
		4FB8211723F491F80044B1C3 /* OpenGL.framework */ = {isa = PBXFileReference; lastKnownFileType = wrapper.framework; name = OpenGL.framework; path = System/Library/Frameworks/OpenGL.framework; sourceTree = SDKROOT; };
		4FB8211923F4924A0044B1C3 /* r_subdiv.h */ = {isa = PBXFileReference; fileEncoding = 4; lastKnownFileType = sourcecode.c.h; name = r_subdiv.h; path = ../../src/r_subdiv.h; sourceTree = "<group>"; };
		4FB8211A23F4924A0044B1C3 /* m_udmf.h */ = {isa = PBXFileReference; fileEncoding = 4; lastKnownFileType = sourcecode.c.h; name = m_udmf.h; path = ../../src/m_udmf.h; sourceTree = "<group>"; };
		4FB8211B23F4924A0044B1C3 /* r_opengl.cc */ = {isa = PBXFileReference; fileEncoding = 4; lastKnownFileType = sourcecode.cpp.cpp; name = r_opengl.cc; path = ../../src/r_opengl.cc; sourceTree = "<group>"; };
		4FB8211C23F4924A0044B1C3 /* r_software.cc */ = {isa = PBXFileReference; fileEncoding = 4; lastKnownFileType = sourcecode.cpp.cpp; name = r_software.cc; path = ../../src/r_software.cc; sourceTree = "<group>"; };
		4FB8211D23F4924A0044B1C3 /* m_udmf.cc */ = {isa = PBXFileReference; fileEncoding = 4; lastKnownFileType = sourcecode.cpp.cpp; name = m_udmf.cc; path = ../../src/m_udmf.cc; sourceTree = "<group>"; };
		4FB8211E23F4924A0044B1C3 /* r_subdiv.cc */ = {isa = PBXFileReference; fileEncoding = 4; lastKnownFileType = sourcecode.cpp.cpp; name = r_subdiv.cc; path = ../../src/r_subdiv.cc; sourceTree = "<group>"; };
		4FB8212323F4928B0044B1C3 /* libfltk_gl.a */ = {isa = PBXFileReference; lastKnownFileType = archive.ar; name = libfltk_gl.a; path = "fltk-1.3.5/lib/libfltk_gl.a"; sourceTree = "<group>"; };
		4FBC5BD7258D3A42005480CA /* PrintfMacros.h */ = {isa = PBXFileReference; lastKnownFileType = sourcecode.c.h; name = PrintfMacros.h; path = ../../src/PrintfMacros.h; sourceTree = "<group>"; };
		4FBC5BE2258D4268005480CA /* Errors.cpp */ = {isa = PBXFileReference; lastKnownFileType = sourcecode.cpp.cpp; name = Errors.cpp; path = ../../src/Errors.cpp; sourceTree = "<group>"; };
		4FBC5BE3258D4268005480CA /* Errors.hpp */ = {isa = PBXFileReference; lastKnownFileType = sourcecode.cpp.h; name = Errors.hpp; path = ../../src/Errors.hpp; sourceTree = "<group>"; };
		4FBD7301179FC5ED00937B50 /* about_logo.png */ = {isa = PBXFileReference; lastKnownFileType = image.png; name = about_logo.png; path = ../misc/about_logo.png; sourceTree = "<group>"; };
		4FC7E6762592924E005EFDA1 /* Document.cc */ = {isa = PBXFileReference; lastKnownFileType = sourcecode.cpp.cpp; name = Document.cc; path = ../../src/Document.cc; sourceTree = "<group>"; };
		4FC7E6772592924E005EFDA1 /* Document.h */ = {isa = PBXFileReference; lastKnownFileType = sourcecode.c.h; name = Document.h; path = ../../src/Document.h; sourceTree = "<group>"; };
		4FC7E67B259292EA005EFDA1 /* DocumentModule.h */ = {isa = PBXFileReference; lastKnownFileType = sourcecode.c.h; name = DocumentModule.h; path = ../../src/DocumentModule.h; sourceTree = "<group>"; };
		4FCB3A4F253B559A0038EFEB /* Eureka-Tests.xcodeproj */ = {isa = PBXFileReference; lastKnownFileType = "wrapper.pb-project"; name = "Eureka-Tests.xcodeproj"; path = "Eureka-Tests/Eureka-Tests.xcodeproj"; sourceTree = "<group>"; };
		FA1E04EC16689A2900ED41DC /* ui_misc.cc */ = {isa = PBXFileReference; fileEncoding = 4; lastKnownFileType = sourcecode.cpp.cpp; name = ui_misc.cc; path = ../../src/ui_misc.cc; sourceTree = "<group>"; usesTabs = 1; };
		FA1E04ED16689A2900ED41DC /* ui_misc.h */ = {isa = PBXFileReference; fileEncoding = 4; lastKnownFileType = sourcecode.c.h; name = ui_misc.h; path = ../../src/ui_misc.h; sourceTree = "<group>"; usesTabs = 1; };
		FA24463A166CAA6100C68ED8 /* common */ = {isa = PBXFileReference; lastKnownFileType = folder; name = common; path = ../common; sourceTree = "<group>"; };
		FA24463B166CAA6100C68ED8 /* docs */ = {isa = PBXFileReference; lastKnownFileType = folder; name = docs; path = ../docs; sourceTree = "<group>"; };
		FA24463C166CAA6100C68ED8 /* games */ = {isa = PBXFileReference; lastKnownFileType = folder; name = games; path = ../games; sourceTree = "<group>"; };
		FA24463D166CAA6100C68ED8 /* misc */ = {isa = PBXFileReference; lastKnownFileType = folder; name = misc; path = ../misc; sourceTree = "<group>"; };
		FA24463F166CAA6100C68ED8 /* ports */ = {isa = PBXFileReference; lastKnownFileType = folder; name = ports; path = ../ports; sourceTree = "<group>"; };
		FA4433CF16AD9CB800525112 /* m_keys.cc */ = {isa = PBXFileReference; fileEncoding = 4; lastKnownFileType = sourcecode.cpp.cpp; name = m_keys.cc; path = ../../src/m_keys.cc; sourceTree = "<group>"; usesTabs = 1; };
		FA4433D016AD9CB800525112 /* m_keys.h */ = {isa = PBXFileReference; fileEncoding = 4; lastKnownFileType = sourcecode.c.h; name = m_keys.h; path = ../../src/m_keys.h; sourceTree = "<group>"; usesTabs = 1; };
		FA5E2C28165B8F860024D6A5 /* Eureka Doom Editor.app */ = {isa = PBXFileReference; explicitFileType = wrapper.application; includeInIndex = 0; path = "Eureka Doom Editor.app"; sourceTree = BUILT_PRODUCTS_DIR; };
		FA5E2C2C165B8F860024D6A5 /* Cocoa.framework */ = {isa = PBXFileReference; lastKnownFileType = wrapper.framework; name = Cocoa.framework; path = System/Library/Frameworks/Cocoa.framework; sourceTree = SDKROOT; };
		FA5E2C2F165B8F860024D6A5 /* AppKit.framework */ = {isa = PBXFileReference; lastKnownFileType = wrapper.framework; name = AppKit.framework; path = System/Library/Frameworks/AppKit.framework; sourceTree = SDKROOT; };
		FA5E2C30165B8F860024D6A5 /* CoreData.framework */ = {isa = PBXFileReference; lastKnownFileType = wrapper.framework; name = CoreData.framework; path = System/Library/Frameworks/CoreData.framework; sourceTree = SDKROOT; };
		FA5E2C31165B8F860024D6A5 /* Foundation.framework */ = {isa = PBXFileReference; lastKnownFileType = wrapper.framework; name = Foundation.framework; path = System/Library/Frameworks/Foundation.framework; sourceTree = SDKROOT; };
		FA5E2C34165B8F860024D6A5 /* Eureka Doom Editor-Info.plist */ = {isa = PBXFileReference; lastKnownFileType = text.plist.xml; path = "Eureka Doom Editor-Info.plist"; sourceTree = "<group>"; };
		FA5E2C36165B8F860024D6A5 /* en */ = {isa = PBXFileReference; lastKnownFileType = text.plist.strings; name = en; path = en.lproj/InfoPlist.strings; sourceTree = "<group>"; };
		FA5E2C3A165B8F860024D6A5 /* Eureka Doom Editor-Prefix.pch */ = {isa = PBXFileReference; lastKnownFileType = sourcecode.c.h; path = "Eureka Doom Editor-Prefix.pch"; sourceTree = "<group>"; };
		FA5E2C3C165B8F860024D6A5 /* en */ = {isa = PBXFileReference; lastKnownFileType = text.rtf; name = en; path = en.lproj/Credits.rtf; sourceTree = "<group>"; };
		FA5E2C3E165B8F860024D6A5 /* AppDelegate.h */ = {isa = PBXFileReference; lastKnownFileType = sourcecode.c.h; path = AppDelegate.h; sourceTree = "<group>"; };
		FA5E2C49165B8F870024D6A5 /* Eureka Doom EditorTests.octest */ = {isa = PBXFileReference; explicitFileType = wrapper.cfbundle; includeInIndex = 0; path = "Eureka Doom EditorTests.octest"; sourceTree = BUILT_PRODUCTS_DIR; };
		FA85EEE216936A3A00CA6FC2 /* m_files.cc */ = {isa = PBXFileReference; fileEncoding = 4; lastKnownFileType = sourcecode.cpp.cpp; name = m_files.cc; path = ../../src/m_files.cc; sourceTree = "<group>"; usesTabs = 1; };
		FA85EEE316936A3A00CA6FC2 /* m_files.h */ = {isa = PBXFileReference; fileEncoding = 4; lastKnownFileType = sourcecode.c.h; name = m_files.h; path = ../../src/m_files.h; sourceTree = "<group>"; usesTabs = 1; };
		FA85EEE416936A3A00CA6FC2 /* ui_file.cc */ = {isa = PBXFileReference; fileEncoding = 4; lastKnownFileType = sourcecode.cpp.cpp; name = ui_file.cc; path = ../../src/ui_file.cc; sourceTree = "<group>"; usesTabs = 1; };
		FA85EEE516936A3A00CA6FC2 /* ui_file.h */ = {isa = PBXFileReference; fileEncoding = 4; lastKnownFileType = sourcecode.c.h; name = ui_file.h; path = ../../src/ui_file.h; sourceTree = "<group>"; usesTabs = 1; };
		FA85EEE616936A3A00CA6FC2 /* ui_prefs.cc */ = {isa = PBXFileReference; fileEncoding = 4; lastKnownFileType = sourcecode.cpp.cpp; name = ui_prefs.cc; path = ../../src/ui_prefs.cc; sourceTree = "<group>"; usesTabs = 1; };
		FA85EEE716936A3A00CA6FC2 /* ui_prefs.h */ = {isa = PBXFileReference; fileEncoding = 4; lastKnownFileType = sourcecode.c.h; name = ui_prefs.h; path = ../../src/ui_prefs.h; sourceTree = "<group>"; usesTabs = 1; };
		FA8DBCFA165D293600FCFB1A /* main.cc */ = {isa = PBXFileReference; fileEncoding = 4; lastKnownFileType = sourcecode.cpp.cpp; name = main.cc; path = ../../src/main.cc; sourceTree = "<group>"; usesTabs = 1; };
		FA8DBCFB165D293600FCFB1A /* main.h */ = {isa = PBXFileReference; fileEncoding = 4; lastKnownFileType = sourcecode.c.h; name = main.h; path = ../../src/main.h; sourceTree = "<group>"; usesTabs = 1; };
		FA8DBD72165D435600FCFB1A /* Eureka Doom EditorIcon.icns */ = {isa = PBXFileReference; lastKnownFileType = image.icns; path = "Eureka Doom EditorIcon.icns"; sourceTree = "<group>"; };
		FABBC080165B90280080245F /* e_basis.cc */ = {isa = PBXFileReference; fileEncoding = 4; lastKnownFileType = sourcecode.cpp.cpp; name = e_basis.cc; path = ../../src/e_basis.cc; sourceTree = "<group>"; usesTabs = 1; };
		FABBC081165B90280080245F /* e_basis.h */ = {isa = PBXFileReference; fileEncoding = 4; lastKnownFileType = sourcecode.c.h; name = e_basis.h; path = ../../src/e_basis.h; sourceTree = "<group>"; usesTabs = 1; };
		FABBC082165B90280080245F /* e_checks.cc */ = {isa = PBXFileReference; fileEncoding = 4; lastKnownFileType = sourcecode.cpp.cpp; name = e_checks.cc; path = ../../src/e_checks.cc; sourceTree = "<group>"; usesTabs = 1; };
		FABBC083165B90280080245F /* e_checks.h */ = {isa = PBXFileReference; fileEncoding = 4; lastKnownFileType = sourcecode.c.h; name = e_checks.h; path = ../../src/e_checks.h; sourceTree = "<group>"; usesTabs = 1; };
		FABBC084165B90280080245F /* e_cutpaste.cc */ = {isa = PBXFileReference; fileEncoding = 4; lastKnownFileType = sourcecode.cpp.cpp; name = e_cutpaste.cc; path = ../../src/e_cutpaste.cc; sourceTree = "<group>"; usesTabs = 1; };
		FABBC085165B90280080245F /* e_cutpaste.h */ = {isa = PBXFileReference; fileEncoding = 4; lastKnownFileType = sourcecode.c.h; name = e_cutpaste.h; path = ../../src/e_cutpaste.h; sourceTree = "<group>"; usesTabs = 1; };
		FABBC086165B90280080245F /* e_linedef.cc */ = {isa = PBXFileReference; fileEncoding = 4; lastKnownFileType = sourcecode.cpp.cpp; name = e_linedef.cc; path = ../../src/e_linedef.cc; sourceTree = "<group>"; usesTabs = 1; };
		FABBC087165B90280080245F /* e_linedef.h */ = {isa = PBXFileReference; fileEncoding = 4; lastKnownFileType = sourcecode.c.h; name = e_linedef.h; path = ../../src/e_linedef.h; sourceTree = "<group>"; usesTabs = 1; };
		FABBC08C165B90280080245F /* e_path.cc */ = {isa = PBXFileReference; fileEncoding = 4; lastKnownFileType = sourcecode.cpp.cpp; name = e_path.cc; path = ../../src/e_path.cc; sourceTree = "<group>"; usesTabs = 1; };
		FABBC08D165B90280080245F /* e_path.h */ = {isa = PBXFileReference; fileEncoding = 4; lastKnownFileType = sourcecode.c.h; name = e_path.h; path = ../../src/e_path.h; sourceTree = "<group>"; usesTabs = 1; };
		FABBC08E165B90280080245F /* e_sector.cc */ = {isa = PBXFileReference; fileEncoding = 4; lastKnownFileType = sourcecode.cpp.cpp; name = e_sector.cc; path = ../../src/e_sector.cc; sourceTree = "<group>"; usesTabs = 1; };
		FABBC08F165B90280080245F /* e_sector.h */ = {isa = PBXFileReference; fileEncoding = 4; lastKnownFileType = sourcecode.c.h; name = e_sector.h; path = ../../src/e_sector.h; sourceTree = "<group>"; usesTabs = 1; };
		FABBC090165B90280080245F /* e_things.cc */ = {isa = PBXFileReference; fileEncoding = 4; lastKnownFileType = sourcecode.cpp.cpp; name = e_things.cc; path = ../../src/e_things.cc; sourceTree = "<group>"; usesTabs = 1; };
		FABBC091165B90280080245F /* e_things.h */ = {isa = PBXFileReference; fileEncoding = 4; lastKnownFileType = sourcecode.c.h; name = e_things.h; path = ../../src/e_things.h; sourceTree = "<group>"; usesTabs = 1; };
		FABBC092165B90280080245F /* e_vertex.cc */ = {isa = PBXFileReference; fileEncoding = 4; lastKnownFileType = sourcecode.cpp.cpp; name = e_vertex.cc; path = ../../src/e_vertex.cc; sourceTree = "<group>"; usesTabs = 1; };
		FABBC093165B90280080245F /* e_vertex.h */ = {isa = PBXFileReference; fileEncoding = 4; lastKnownFileType = sourcecode.c.h; name = e_vertex.h; path = ../../src/e_vertex.h; sourceTree = "<group>"; usesTabs = 1; };
		FABBC096165B90280080245F /* hdr_fltk.h */ = {isa = PBXFileReference; fileEncoding = 4; lastKnownFileType = sourcecode.c.h; name = hdr_fltk.h; path = ../../src/hdr_fltk.h; sourceTree = "<group>"; usesTabs = 1; };
		FABBC097165B90280080245F /* im_color.cc */ = {isa = PBXFileReference; fileEncoding = 4; lastKnownFileType = sourcecode.cpp.cpp; name = im_color.cc; path = ../../src/im_color.cc; sourceTree = "<group>"; usesTabs = 1; };
		FABBC098165B90280080245F /* im_color.h */ = {isa = PBXFileReference; fileEncoding = 4; lastKnownFileType = sourcecode.c.h; name = im_color.h; path = ../../src/im_color.h; sourceTree = "<group>"; usesTabs = 1; };
		FABBC099165B90280080245F /* im_img.cc */ = {isa = PBXFileReference; fileEncoding = 4; lastKnownFileType = sourcecode.cpp.cpp; name = im_img.cc; path = ../../src/im_img.cc; sourceTree = "<group>"; usesTabs = 1; };
		FABBC09A165B90280080245F /* im_img.h */ = {isa = PBXFileReference; fileEncoding = 4; lastKnownFileType = sourcecode.c.h; name = im_img.h; path = ../../src/im_img.h; sourceTree = "<group>"; usesTabs = 1; };
		FABBC09D165B90280080245F /* lib_adler.cc */ = {isa = PBXFileReference; fileEncoding = 4; lastKnownFileType = sourcecode.cpp.cpp; name = lib_adler.cc; path = ../../src/lib_adler.cc; sourceTree = "<group>"; usesTabs = 1; };
		FABBC09E165B90280080245F /* lib_adler.h */ = {isa = PBXFileReference; fileEncoding = 4; lastKnownFileType = sourcecode.c.h; name = lib_adler.h; path = ../../src/lib_adler.h; sourceTree = "<group>"; usesTabs = 1; };
		FABBC09F165B90280080245F /* lib_file.cc */ = {isa = PBXFileReference; fileEncoding = 4; lastKnownFileType = sourcecode.cpp.cpp; name = lib_file.cc; path = ../../src/lib_file.cc; sourceTree = "<group>"; usesTabs = 1; };
		FABBC0A0165B90280080245F /* lib_file.h */ = {isa = PBXFileReference; fileEncoding = 4; lastKnownFileType = sourcecode.c.h; name = lib_file.h; path = ../../src/lib_file.h; sourceTree = "<group>"; usesTabs = 1; };
		FABBC0A1165B90280080245F /* lib_util.cc */ = {isa = PBXFileReference; fileEncoding = 4; lastKnownFileType = sourcecode.cpp.cpp; name = lib_util.cc; path = ../../src/lib_util.cc; sourceTree = "<group>"; usesTabs = 1; };
		FABBC0A2165B90280080245F /* lib_util.h */ = {isa = PBXFileReference; fileEncoding = 4; lastKnownFileType = sourcecode.c.h; name = lib_util.h; path = ../../src/lib_util.h; sourceTree = "<group>"; usesTabs = 1; };
		FABBC0A3165B90280080245F /* m_bitvec.cc */ = {isa = PBXFileReference; fileEncoding = 4; lastKnownFileType = sourcecode.cpp.cpp; name = m_bitvec.cc; path = ../../src/m_bitvec.cc; sourceTree = "<group>"; usesTabs = 1; };
		FABBC0A4165B90280080245F /* m_bitvec.h */ = {isa = PBXFileReference; fileEncoding = 4; lastKnownFileType = sourcecode.c.h; name = m_bitvec.h; path = ../../src/m_bitvec.h; sourceTree = "<group>"; usesTabs = 1; };
		FABBC0A5165B90280080245F /* m_config.cc */ = {isa = PBXFileReference; fileEncoding = 4; lastKnownFileType = sourcecode.cpp.cpp; name = m_config.cc; path = ../../src/m_config.cc; sourceTree = "<group>"; usesTabs = 1; };
		FABBC0A6165B90280080245F /* m_config.h */ = {isa = PBXFileReference; fileEncoding = 4; lastKnownFileType = sourcecode.c.h; name = m_config.h; path = ../../src/m_config.h; sourceTree = "<group>"; usesTabs = 1; };
		FABBC0A9165B90280080245F /* m_game.cc */ = {isa = PBXFileReference; fileEncoding = 4; lastKnownFileType = sourcecode.cpp.cpp; name = m_game.cc; path = ../../src/m_game.cc; sourceTree = "<group>"; usesTabs = 1; };
		FABBC0AA165B90280080245F /* m_game.h */ = {isa = PBXFileReference; fileEncoding = 4; lastKnownFileType = sourcecode.c.h; name = m_game.h; path = ../../src/m_game.h; sourceTree = "<group>"; usesTabs = 1; };
		FABBC0AB165B90280080245F /* m_select.cc */ = {isa = PBXFileReference; fileEncoding = 4; lastKnownFileType = sourcecode.cpp.cpp; name = m_select.cc; path = ../../src/m_select.cc; sourceTree = "<group>"; usesTabs = 1; };
		FABBC0AC165B90280080245F /* m_select.h */ = {isa = PBXFileReference; fileEncoding = 4; lastKnownFileType = sourcecode.c.h; name = m_select.h; path = ../../src/m_select.h; sourceTree = "<group>"; usesTabs = 1; };
		FABBC0AD165B90280080245F /* m_strings.cc */ = {isa = PBXFileReference; fileEncoding = 4; lastKnownFileType = sourcecode.cpp.cpp; name = m_strings.cc; path = ../../src/m_strings.cc; sourceTree = "<group>"; usesTabs = 1; };
		FABBC0AE165B90280080245F /* m_strings.h */ = {isa = PBXFileReference; fileEncoding = 4; lastKnownFileType = sourcecode.c.h; name = m_strings.h; path = ../../src/m_strings.h; sourceTree = "<group>"; usesTabs = 1; };
		FABBC0B3165B90280080245F /* objid.h */ = {isa = PBXFileReference; fileEncoding = 4; lastKnownFileType = sourcecode.c.h; name = objid.h; path = ../../src/objid.h; sourceTree = "<group>"; usesTabs = 1; };
		FABBC0B4165B90280080245F /* r_grid.cc */ = {isa = PBXFileReference; fileEncoding = 4; lastKnownFileType = sourcecode.cpp.cpp; name = r_grid.cc; path = ../../src/r_grid.cc; sourceTree = "<group>"; usesTabs = 1; };
		FABBC0B5165B90280080245F /* r_grid.h */ = {isa = PBXFileReference; fileEncoding = 4; lastKnownFileType = sourcecode.c.h; name = r_grid.h; path = ../../src/r_grid.h; sourceTree = "<group>"; usesTabs = 1; };
		FABBC0B8165B90280080245F /* r_render.cc */ = {isa = PBXFileReference; fileEncoding = 4; lastKnownFileType = sourcecode.cpp.cpp; name = r_render.cc; path = ../../src/r_render.cc; sourceTree = "<group>"; usesTabs = 1; };
		FABBC0B9165B90280080245F /* r_render.h */ = {isa = PBXFileReference; fileEncoding = 4; lastKnownFileType = sourcecode.c.h; name = r_render.h; path = ../../src/r_render.h; sourceTree = "<group>"; usesTabs = 1; };
		FABBC0BE165B90280080245F /* sys_debug.cc */ = {isa = PBXFileReference; fileEncoding = 4; lastKnownFileType = sourcecode.cpp.cpp; name = sys_debug.cc; path = ../../src/sys_debug.cc; sourceTree = "<group>"; usesTabs = 1; };
		FABBC0BF165B90280080245F /* sys_debug.h */ = {isa = PBXFileReference; fileEncoding = 4; lastKnownFileType = sourcecode.c.h; name = sys_debug.h; path = ../../src/sys_debug.h; sourceTree = "<group>"; usesTabs = 1; };
		FABBC0C0165B90280080245F /* sys_endian.h */ = {isa = PBXFileReference; fileEncoding = 4; lastKnownFileType = sourcecode.c.h; name = sys_endian.h; path = ../../src/sys_endian.h; sourceTree = "<group>"; usesTabs = 1; };
		FABBC0C1165B90280080245F /* sys_macro.h */ = {isa = PBXFileReference; fileEncoding = 4; lastKnownFileType = sourcecode.c.h; name = sys_macro.h; path = ../../src/sys_macro.h; sourceTree = "<group>"; usesTabs = 1; };
		FABBC0C2165B90280080245F /* sys_type.h */ = {isa = PBXFileReference; fileEncoding = 4; lastKnownFileType = sourcecode.c.h; name = sys_type.h; path = ../../src/sys_type.h; sourceTree = "<group>"; usesTabs = 1; };
		FABBC0C3165B90280080245F /* ui_about.cc */ = {isa = PBXFileReference; fileEncoding = 4; lastKnownFileType = sourcecode.cpp.cpp; name = ui_about.cc; path = ../../src/ui_about.cc; sourceTree = "<group>"; usesTabs = 1; };
		FABBC0C4165B90280080245F /* ui_about.h */ = {isa = PBXFileReference; fileEncoding = 4; lastKnownFileType = sourcecode.c.h; name = ui_about.h; path = ../../src/ui_about.h; sourceTree = "<group>"; usesTabs = 1; };
		FABBC0C5165B90280080245F /* ui_browser.cc */ = {isa = PBXFileReference; fileEncoding = 4; lastKnownFileType = sourcecode.cpp.cpp; name = ui_browser.cc; path = ../../src/ui_browser.cc; sourceTree = "<group>"; usesTabs = 1; };
		FABBC0C6165B90280080245F /* ui_browser.h */ = {isa = PBXFileReference; fileEncoding = 4; lastKnownFileType = sourcecode.c.h; name = ui_browser.h; path = ../../src/ui_browser.h; sourceTree = "<group>"; usesTabs = 1; };
		FABBC0C7165B90280080245F /* ui_canvas.cc */ = {isa = PBXFileReference; fileEncoding = 4; lastKnownFileType = sourcecode.cpp.cpp; name = ui_canvas.cc; path = ../../src/ui_canvas.cc; sourceTree = "<group>"; usesTabs = 1; };
		FABBC0C8165B90280080245F /* ui_canvas.h */ = {isa = PBXFileReference; fileEncoding = 4; lastKnownFileType = sourcecode.c.h; name = ui_canvas.h; path = ../../src/ui_canvas.h; sourceTree = "<group>"; usesTabs = 1; };
		FABBC0C9165B90280080245F /* ui_dialog.cc */ = {isa = PBXFileReference; fileEncoding = 4; lastKnownFileType = sourcecode.cpp.cpp; name = ui_dialog.cc; path = ../../src/ui_dialog.cc; sourceTree = "<group>"; usesTabs = 1; };
		FABBC0CB165B90280080245F /* ui_hyper.cc */ = {isa = PBXFileReference; fileEncoding = 4; lastKnownFileType = sourcecode.cpp.cpp; name = ui_hyper.cc; path = ../../src/ui_hyper.cc; sourceTree = "<group>"; usesTabs = 1; };
		FABBC0CC165B90280080245F /* ui_hyper.h */ = {isa = PBXFileReference; fileEncoding = 4; lastKnownFileType = sourcecode.c.h; name = ui_hyper.h; path = ../../src/ui_hyper.h; sourceTree = "<group>"; usesTabs = 1; };
		FABBC0CD165B90280080245F /* ui_infobar.cc */ = {isa = PBXFileReference; fileEncoding = 4; lastKnownFileType = sourcecode.cpp.cpp; name = ui_infobar.cc; path = ../../src/ui_infobar.cc; sourceTree = "<group>"; usesTabs = 1; };
		FABBC0CE165B90280080245F /* ui_infobar.h */ = {isa = PBXFileReference; fileEncoding = 4; lastKnownFileType = sourcecode.c.h; name = ui_infobar.h; path = ../../src/ui_infobar.h; sourceTree = "<group>"; usesTabs = 1; };
		FABBC0CF165B90280080245F /* ui_linedef.cc */ = {isa = PBXFileReference; fileEncoding = 4; lastKnownFileType = sourcecode.cpp.cpp; name = ui_linedef.cc; path = ../../src/ui_linedef.cc; sourceTree = "<group>"; usesTabs = 1; };
		FABBC0D0165B90280080245F /* ui_linedef.h */ = {isa = PBXFileReference; fileEncoding = 4; lastKnownFileType = sourcecode.c.h; name = ui_linedef.h; path = ../../src/ui_linedef.h; sourceTree = "<group>"; usesTabs = 1; };
		FABBC0D1165B90280080245F /* ui_menu.cc */ = {isa = PBXFileReference; fileEncoding = 4; lastKnownFileType = sourcecode.cpp.cpp; name = ui_menu.cc; path = ../../src/ui_menu.cc; sourceTree = "<group>"; usesTabs = 1; };
		FABBC0D2165B90280080245F /* ui_menu.h */ = {isa = PBXFileReference; fileEncoding = 4; lastKnownFileType = sourcecode.c.h; name = ui_menu.h; path = ../../src/ui_menu.h; sourceTree = "<group>"; usesTabs = 1; };
		FABBC0D5165B90280080245F /* ui_nombre.cc */ = {isa = PBXFileReference; fileEncoding = 4; lastKnownFileType = sourcecode.cpp.cpp; name = ui_nombre.cc; path = ../../src/ui_nombre.cc; sourceTree = "<group>"; usesTabs = 1; };
		FABBC0D6165B90280080245F /* ui_nombre.h */ = {isa = PBXFileReference; fileEncoding = 4; lastKnownFileType = sourcecode.c.h; name = ui_nombre.h; path = ../../src/ui_nombre.h; sourceTree = "<group>"; usesTabs = 1; };
		FABBC0D7165B90280080245F /* ui_pic.cc */ = {isa = PBXFileReference; fileEncoding = 4; lastKnownFileType = sourcecode.cpp.cpp; name = ui_pic.cc; path = ../../src/ui_pic.cc; sourceTree = "<group>"; usesTabs = 1; };
		FABBC0D8165B90280080245F /* ui_pic.h */ = {isa = PBXFileReference; fileEncoding = 4; lastKnownFileType = sourcecode.c.h; name = ui_pic.h; path = ../../src/ui_pic.h; sourceTree = "<group>"; usesTabs = 1; };
		FABBC0DB165B90280080245F /* ui_scroll.cc */ = {isa = PBXFileReference; fileEncoding = 4; lastKnownFileType = sourcecode.cpp.cpp; name = ui_scroll.cc; path = ../../src/ui_scroll.cc; sourceTree = "<group>"; usesTabs = 1; };
		FABBC0DC165B90280080245F /* ui_scroll.h */ = {isa = PBXFileReference; fileEncoding = 4; lastKnownFileType = sourcecode.c.h; name = ui_scroll.h; path = ../../src/ui_scroll.h; sourceTree = "<group>"; usesTabs = 1; };
		FABBC0DD165B90280080245F /* ui_sector.cc */ = {isa = PBXFileReference; fileEncoding = 4; lastKnownFileType = sourcecode.cpp.cpp; name = ui_sector.cc; path = ../../src/ui_sector.cc; sourceTree = "<group>"; usesTabs = 1; };
		FABBC0DE165B90280080245F /* ui_sector.h */ = {isa = PBXFileReference; fileEncoding = 4; lastKnownFileType = sourcecode.c.h; name = ui_sector.h; path = ../../src/ui_sector.h; sourceTree = "<group>"; usesTabs = 1; };
		FABBC0DF165B90280080245F /* ui_sidedef.cc */ = {isa = PBXFileReference; fileEncoding = 4; lastKnownFileType = sourcecode.cpp.cpp; name = ui_sidedef.cc; path = ../../src/ui_sidedef.cc; sourceTree = "<group>"; usesTabs = 1; };
		FABBC0E0165B90280080245F /* ui_sidedef.h */ = {isa = PBXFileReference; fileEncoding = 4; lastKnownFileType = sourcecode.c.h; name = ui_sidedef.h; path = ../../src/ui_sidedef.h; sourceTree = "<group>"; usesTabs = 1; };
		FABBC0E1165B90280080245F /* ui_thing.cc */ = {isa = PBXFileReference; fileEncoding = 4; lastKnownFileType = sourcecode.cpp.cpp; name = ui_thing.cc; path = ../../src/ui_thing.cc; sourceTree = "<group>"; usesTabs = 1; };
		FABBC0E2165B90280080245F /* ui_thing.h */ = {isa = PBXFileReference; fileEncoding = 4; lastKnownFileType = sourcecode.c.h; name = ui_thing.h; path = ../../src/ui_thing.h; sourceTree = "<group>"; usesTabs = 1; };
		FABBC0E3165B90280080245F /* ui_tile.cc */ = {isa = PBXFileReference; fileEncoding = 4; lastKnownFileType = sourcecode.cpp.cpp; name = ui_tile.cc; path = ../../src/ui_tile.cc; sourceTree = "<group>"; usesTabs = 1; };
		FABBC0E4165B90280080245F /* ui_tile.h */ = {isa = PBXFileReference; fileEncoding = 4; lastKnownFileType = sourcecode.c.h; name = ui_tile.h; path = ../../src/ui_tile.h; sourceTree = "<group>"; usesTabs = 1; };
		FABBC0E5165B90280080245F /* ui_vertex.cc */ = {isa = PBXFileReference; fileEncoding = 4; lastKnownFileType = sourcecode.cpp.cpp; name = ui_vertex.cc; path = ../../src/ui_vertex.cc; sourceTree = "<group>"; usesTabs = 1; };
		FABBC0E6165B90280080245F /* ui_vertex.h */ = {isa = PBXFileReference; fileEncoding = 4; lastKnownFileType = sourcecode.c.h; name = ui_vertex.h; path = ../../src/ui_vertex.h; sourceTree = "<group>"; usesTabs = 1; };
		FABBC0E7165B90280080245F /* ui_window.cc */ = {isa = PBXFileReference; fileEncoding = 4; lastKnownFileType = sourcecode.cpp.cpp; name = ui_window.cc; path = ../../src/ui_window.cc; sourceTree = "<group>"; usesTabs = 1; };
		FABBC0E8165B90280080245F /* ui_window.h */ = {isa = PBXFileReference; fileEncoding = 4; lastKnownFileType = sourcecode.c.h; name = ui_window.h; path = ../../src/ui_window.h; sourceTree = "<group>"; usesTabs = 1; };
		FABBC0EB165B90280080245F /* w_loadpic.cc */ = {isa = PBXFileReference; fileEncoding = 4; lastKnownFileType = sourcecode.cpp.cpp; name = w_loadpic.cc; path = ../../src/w_loadpic.cc; sourceTree = "<group>"; usesTabs = 1; };
		FABBC0EC165B90280080245F /* w_loadpic.h */ = {isa = PBXFileReference; fileEncoding = 4; lastKnownFileType = sourcecode.c.h; name = w_loadpic.h; path = ../../src/w_loadpic.h; sourceTree = "<group>"; usesTabs = 1; };
		FABBC0ED165B90280080245F /* w_rawdef.h */ = {isa = PBXFileReference; fileEncoding = 4; lastKnownFileType = sourcecode.c.h; name = w_rawdef.h; path = ../../src/w_rawdef.h; sourceTree = "<group>"; usesTabs = 1; };
		FABBC0F0165B90280080245F /* w_texture.cc */ = {isa = PBXFileReference; fileEncoding = 4; lastKnownFileType = sourcecode.cpp.cpp; name = w_texture.cc; path = ../../src/w_texture.cc; sourceTree = "<group>"; usesTabs = 1; };
		FABBC0F1165B90280080245F /* w_texture.h */ = {isa = PBXFileReference; fileEncoding = 4; lastKnownFileType = sourcecode.c.h; name = w_texture.h; path = ../../src/w_texture.h; sourceTree = "<group>"; usesTabs = 1; };
		FABBC0F2165B90280080245F /* w_wad.cc */ = {isa = PBXFileReference; fileEncoding = 4; lastKnownFileType = sourcecode.cpp.cpp; name = w_wad.cc; path = ../../src/w_wad.cc; sourceTree = "<group>"; usesTabs = 1; };
		FABBC0F3165B90280080245F /* w_wad.h */ = {isa = PBXFileReference; fileEncoding = 4; lastKnownFileType = sourcecode.c.h; name = w_wad.h; path = ../../src/w_wad.h; sourceTree = "<group>"; usesTabs = 1; };
		FADB99F216B017D600A28204 /* AppDelegate.mm */ = {isa = PBXFileReference; fileEncoding = 4; lastKnownFileType = sourcecode.cpp.objcpp; path = AppDelegate.mm; sourceTree = "<group>"; };
/* End PBXFileReference section */

/* Begin PBXFrameworksBuildPhase section */
		FA5E2C25165B8F860024D6A5 /* Frameworks */ = {
			isa = PBXFrameworksBuildPhase;
			buildActionMask = 2147483647;
			files = (
				4FB8211823F491F80044B1C3 /* OpenGL.framework in Frameworks */,
				4F48AADB20E8003A00AD935F /* libz.tbd in Frameworks */,
				4F48AAD920E8002C00AD935F /* libfltk_images.a in Frameworks */,
				4F48AAD520E8001100AD935F /* libfltk.a in Frameworks */,
				FA5E2C2D165B8F860024D6A5 /* Cocoa.framework in Frameworks */,
				4FB8212423F4928B0044B1C3 /* libfltk_gl.a in Frameworks */,
				4F48AADD20E8005500AD935F /* libfltk_jpeg.a in Frameworks */,
				4F48AAD720E8002100AD935F /* libfltk_png.a in Frameworks */,
			);
			runOnlyForDeploymentPostprocessing = 0;
		};
		FA5E2C45165B8F870024D6A5 /* Frameworks */ = {
			isa = PBXFrameworksBuildPhase;
			buildActionMask = 2147483647;
			files = (
				FA5E2C4C165B8F870024D6A5 /* Cocoa.framework in Frameworks */,
			);
			runOnlyForDeploymentPostprocessing = 0;
		};
/* End PBXFrameworksBuildPhase section */

/* Begin PBXGroup section */
		4F7C61C01E2FFD4A008B578F /* bsp_ */ = {
			isa = PBXGroup;
			children = (
				4F7C61C11E2FFD56008B578F /* bsp_level.cc */,
				4F7C61C21E2FFD56008B578F /* bsp_node.cc */,
				4F7C61C31E2FFD56008B578F /* bsp_util.cc */,
				4F7C61C41E2FFD56008B578F /* bsp.h */,
			);
			name = bsp_;
			sourceTree = "<group>";
		};
		4FCB3A50253B559A0038EFEB /* Products */ = {
			isa = PBXGroup;
			children = (
				4FCB3A54253B559A0038EFEB /* Eureka-Tests */,
			);
			name = Products;
			sourceTree = "<group>";
		};
		FA5E2C1D165B8F860024D6A5 = {
			isa = PBXGroup;
			children = (
				4FCB3A4F253B559A0038EFEB /* Eureka-Tests.xcodeproj */,
				4F7C61E11E2FFDFB008B578F /* defaults.cfg */,
				4F7C61E21E2FFDFB008B578F /* operations.cfg */,
				4F13FF211A16C19700B64656 /* bindings.cfg */,
				4FBD7301179FC5ED00937B50 /* about_logo.png */,
				FA24463A166CAA6100C68ED8 /* common */,
				FA24463B166CAA6100C68ED8 /* docs */,
				FA24463C166CAA6100C68ED8 /* games */,
				FA24463D166CAA6100C68ED8 /* misc */,
				FA24463F166CAA6100C68ED8 /* ports */,
				FA5E2C32165B8F860024D6A5 /* EurekaApp */,
				FA5E2C2B165B8F860024D6A5 /* Frameworks */,
				FA5E2C29165B8F860024D6A5 /* Products */,
			);
			sourceTree = "<group>";
			usesTabs = 1;
		};
		FA5E2C29165B8F860024D6A5 /* Products */ = {
			isa = PBXGroup;
			children = (
				FA5E2C28165B8F860024D6A5 /* Eureka Doom Editor.app */,
				FA5E2C49165B8F870024D6A5 /* Eureka Doom EditorTests.octest */,
			);
			name = Products;
			sourceTree = "<group>";
		};
		FA5E2C2B165B8F860024D6A5 /* Frameworks */ = {
			isa = PBXGroup;
			children = (
				4FB8212323F4928B0044B1C3 /* libfltk_gl.a */,
				4FB8211723F491F80044B1C3 /* OpenGL.framework */,
				FA5E2C2C165B8F860024D6A5 /* Cocoa.framework */,
				4F48AAD820E8002C00AD935F /* libfltk_images.a */,
				4F48AADC20E8005500AD935F /* libfltk_jpeg.a */,
				4F48AAD620E8002100AD935F /* libfltk_png.a */,
				4F48AAD420E8001000AD935F /* libfltk.a */,
				4F48AADA20E8003A00AD935F /* libz.tbd */,
				FA5E2C2E165B8F860024D6A5 /* Other Frameworks */,
			);
			name = Frameworks;
			sourceTree = "<group>";
		};
		FA5E2C2E165B8F860024D6A5 /* Other Frameworks */ = {
			isa = PBXGroup;
			children = (
				FA5E2C2F165B8F860024D6A5 /* AppKit.framework */,
				FA5E2C30165B8F860024D6A5 /* CoreData.framework */,
				FA5E2C31165B8F860024D6A5 /* Foundation.framework */,
			);
			name = "Other Frameworks";
			sourceTree = "<group>";
		};
		FA5E2C32165B8F860024D6A5 /* EurekaApp */ = {
			isa = PBXGroup;
			children = (
				FA5E2C60165B8F950024D6A5 /* Eureka */,
				FAF8A0DF165BE342009B4C14 /* OSXPort */,
				FA5E2C33165B8F860024D6A5 /* Supporting Files */,
			);
			path = EurekaApp;
			sourceTree = "<group>";
		};
		FA5E2C33165B8F860024D6A5 /* Supporting Files */ = {
			isa = PBXGroup;
			children = (
				FA5E2C41165B8F860024D6A5 /* MainMenu.xib */,
				FA8DBD72165D435600FCFB1A /* Eureka Doom EditorIcon.icns */,
				FA5E2C34165B8F860024D6A5 /* Eureka Doom Editor-Info.plist */,
				FA5E2C35165B8F860024D6A5 /* InfoPlist.strings */,
				FA5E2C3A165B8F860024D6A5 /* Eureka Doom Editor-Prefix.pch */,
				FA5E2C3B165B8F860024D6A5 /* Credits.rtf */,
			);
			name = "Supporting Files";
			sourceTree = "<group>";
		};
		FA5E2C60165B8F950024D6A5 /* Eureka */ = {
			isa = PBXGroup;
			children = (
				4F7C61C01E2FFD4A008B578F /* bsp_ */,
				FA8DBCFA165D293600FCFB1A /* main.cc */,
				FA8DBCFB165D293600FCFB1A /* main.h */,
				FABBC13C165B90A60080245F /* w_ */,
				FABBC13B165B90900080245F /* ui_ */,
				FABBC13A165B90860080245F /* sys_ */,
				FABBC139165B907A0080245F /* r_ */,
				FABBC138165B90690080245F /* m_ */,
				FABBC137165B905E0080245F /* lib_ */,
				FABBC136165B90500080245F /* im_ */,
				FABBC134165B90350080245F /* e_ */,
				4FBC5BE2258D4268005480CA /* Errors.cpp */,
				4FBC5BE3258D4268005480CA /* Errors.hpp */,
				FABBC096165B90280080245F /* hdr_fltk.h */,
				FABBC0B3165B90280080245F /* objid.h */,
				4FBC5BD7258D3A42005480CA /* PrintfMacros.h */,
				4FC7E6762592924E005EFDA1 /* Document.cc */,
				4FC7E6772592924E005EFDA1 /* Document.h */,
				4FC7E67B259292EA005EFDA1 /* DocumentModule.h */,
			);
			name = Eureka;
			sourceTree = "<group>";
		};
		FABBC134165B90350080245F /* e_ */ = {
			isa = PBXGroup;
			children = (
				FABBC080165B90280080245F /* e_basis.cc */,
				FABBC082165B90280080245F /* e_checks.cc */,
				4F7C61CB1E2FFD7C008B578F /* e_commands.cc */,
				FABBC084165B90280080245F /* e_cutpaste.cc */,
				4F7C61CC1E2FFD7C008B578F /* e_hover.cc */,
				FABBC086165B90280080245F /* e_linedef.cc */,
				4F7C61CD1E2FFD7C008B578F /* e_main.cc */,
				4F7C61CE1E2FFD7C008B578F /* e_objects.cc */,
				FABBC08C165B90280080245F /* e_path.cc */,
				FABBC08E165B90280080245F /* e_sector.cc */,
				FABBC090165B90280080245F /* e_things.cc */,
				FABBC092165B90280080245F /* e_vertex.cc */,
				FABBC135165B903E0080245F /* headers */,
			);
			name = e_;
			sourceTree = "<group>";
		};
		FABBC135165B903E0080245F /* headers */ = {
			isa = PBXGroup;
			children = (
				FABBC081165B90280080245F /* e_basis.h */,
				FABBC083165B90280080245F /* e_checks.h */,
				FABBC085165B90280080245F /* e_cutpaste.h */,
				4F7C61C81E2FFD68008B578F /* e_hover.h */,
				FABBC087165B90280080245F /* e_linedef.h */,
				4F7C61C91E2FFD68008B578F /* e_main.h */,
				4F7C61CA1E2FFD68008B578F /* e_objects.h */,
				FABBC08D165B90280080245F /* e_path.h */,
				FABBC08F165B90280080245F /* e_sector.h */,
				FABBC091165B90280080245F /* e_things.h */,
				FABBC093165B90280080245F /* e_vertex.h */,
			);
			name = headers;
			sourceTree = "<group>";
		};
		FABBC136165B90500080245F /* im_ */ = {
			isa = PBXGroup;
			children = (
				FABBC097165B90280080245F /* im_color.cc */,
				FABBC098165B90280080245F /* im_color.h */,
				FABBC099165B90280080245F /* im_img.cc */,
				FABBC09A165B90280080245F /* im_img.h */,
			);
			name = im_;
			sourceTree = "<group>";
		};
		FABBC137165B905E0080245F /* lib_ */ = {
			isa = PBXGroup;
			children = (
				FABBC09D165B90280080245F /* lib_adler.cc */,
				FABBC09E165B90280080245F /* lib_adler.h */,
				FABBC09F165B90280080245F /* lib_file.cc */,
				FABBC0A0165B90280080245F /* lib_file.h */,
				4F7C61D31E2FFD9D008B578F /* lib_tga.cc */,
				4F7C61D41E2FFD9D008B578F /* lib_tga.h */,
				FABBC0A1165B90280080245F /* lib_util.cc */,
				FABBC0A2165B90280080245F /* lib_util.h */,
			);
			name = lib_;
			sourceTree = "<group>";
		};
		FABBC138165B90690080245F /* m_ */ = {
			isa = PBXGroup;
			children = (
				FABBC0A3165B90280080245F /* m_bitvec.cc */,
				FABBC0A4165B90280080245F /* m_bitvec.h */,
				FABBC0A5165B90280080245F /* m_config.cc */,
				FABBC0A6165B90280080245F /* m_config.h */,
				4F48AADF20E8009C00AD935F /* m_editlump.cc */,
				4F48AADE20E8009C00AD935F /* m_editlump.h */,
				4F7C61D51E2FFD9D008B578F /* m_events.cc */,
				4F7C61D61E2FFD9D008B578F /* m_events.h */,
				FA85EEE216936A3A00CA6FC2 /* m_files.cc */,
				FA85EEE316936A3A00CA6FC2 /* m_files.h */,
				FABBC0A9165B90280080245F /* m_game.cc */,
				FABBC0AA165B90280080245F /* m_game.h */,
				FA4433CF16AD9CB800525112 /* m_keys.cc */,
				FA4433D016AD9CB800525112 /* m_keys.h */,
				4F7C61D71E2FFD9D008B578F /* m_loadsave.cc */,
				4F7C61D81E2FFD9D008B578F /* m_loadsave.h */,
				4F7C61D91E2FFD9D008B578F /* m_nodes.cc */,
				4F7C61DA1E2FFD9D008B578F /* m_nodes.h */,
				FABBC0AB165B90280080245F /* m_select.cc */,
				FABBC0AC165B90280080245F /* m_select.h */,
				FABBC0AD165B90280080245F /* m_strings.cc */,
				FABBC0AE165B90280080245F /* m_strings.h */,
				4F7C61DB1E2FFD9D008B578F /* m_testmap.cc */,
				4FB8211D23F4924A0044B1C3 /* m_udmf.cc */,
				4FB8211A23F4924A0044B1C3 /* m_udmf.h */,
			);
			name = m_;
			sourceTree = "<group>";
		};
		FABBC139165B907A0080245F /* r_ */ = {
			isa = PBXGroup;
			children = (
				FABBC0B4165B90280080245F /* r_grid.cc */,
				FABBC0B5165B90280080245F /* r_grid.h */,
				4FB8211B23F4924A0044B1C3 /* r_opengl.cc */,
				FABBC0B8165B90280080245F /* r_render.cc */,
				FABBC0B9165B90280080245F /* r_render.h */,
				4FB8211C23F4924A0044B1C3 /* r_software.cc */,
				4FB8211E23F4924A0044B1C3 /* r_subdiv.cc */,
				4FB8211923F4924A0044B1C3 /* r_subdiv.h */,
			);
			name = r_;
			sourceTree = "<group>";
		};
		FABBC13A165B90860080245F /* sys_ */ = {
			isa = PBXGroup;
			children = (
				FABBC0BE165B90280080245F /* sys_debug.cc */,
				FABBC0BF165B90280080245F /* sys_debug.h */,
				FABBC0C0165B90280080245F /* sys_endian.h */,
				FABBC0C1165B90280080245F /* sys_macro.h */,
				FABBC0C2165B90280080245F /* sys_type.h */,
			);
			name = sys_;
			sourceTree = "<group>";
		};
		FABBC13B165B90900080245F /* ui_ */ = {
			isa = PBXGroup;
			children = (
				FABBC0C3165B90280080245F /* ui_about.cc */,
				FABBC0C4165B90280080245F /* ui_about.h */,
				FABBC0C5165B90280080245F /* ui_browser.cc */,
				FABBC0C6165B90280080245F /* ui_browser.h */,
				FABBC0C7165B90280080245F /* ui_canvas.cc */,
				FABBC0C8165B90280080245F /* ui_canvas.h */,
				4F9C539C1A6CECFA001F4427 /* ui_default.cc */,
				4F9C539D1A6CECFA001F4427 /* ui_default.h */,
				FABBC0C9165B90280080245F /* ui_dialog.cc */,
				4F48AAE120E800C800AD935F /* ui_editor.cc */,
				4F48AAE220E800C800AD935F /* ui_editor.h */,
				FA85EEE416936A3A00CA6FC2 /* ui_file.cc */,
				FA85EEE516936A3A00CA6FC2 /* ui_file.h */,
				FABBC0CB165B90280080245F /* ui_hyper.cc */,
				FABBC0CC165B90280080245F /* ui_hyper.h */,
				FABBC0CD165B90280080245F /* ui_infobar.cc */,
				FABBC0CE165B90280080245F /* ui_infobar.h */,
				FABBC0CF165B90280080245F /* ui_linedef.cc */,
				FABBC0D0165B90280080245F /* ui_linedef.h */,
				FABBC0D1165B90280080245F /* ui_menu.cc */,
				FABBC0D2165B90280080245F /* ui_menu.h */,
				FA1E04EC16689A2900ED41DC /* ui_misc.cc */,
				FA1E04ED16689A2900ED41DC /* ui_misc.h */,
				FABBC0D5165B90280080245F /* ui_nombre.cc */,
				FABBC0D6165B90280080245F /* ui_nombre.h */,
				FABBC0D7165B90280080245F /* ui_pic.cc */,
				FABBC0D8165B90280080245F /* ui_pic.h */,
				FA85EEE616936A3A00CA6FC2 /* ui_prefs.cc */,
				FA85EEE716936A3A00CA6FC2 /* ui_prefs.h */,
				4F9C539E1A6CECFA001F4427 /* ui_replace.cc */,
				4F9C539F1A6CECFA001F4427 /* ui_replace.h */,
				FABBC0DB165B90280080245F /* ui_scroll.cc */,
				FABBC0DC165B90280080245F /* ui_scroll.h */,
				FABBC0DD165B90280080245F /* ui_sector.cc */,
				FABBC0DE165B90280080245F /* ui_sector.h */,
				FABBC0DF165B90280080245F /* ui_sidedef.cc */,
				FABBC0E0165B90280080245F /* ui_sidedef.h */,
				FABBC0E1165B90280080245F /* ui_thing.cc */,
				FABBC0E2165B90280080245F /* ui_thing.h */,
				FABBC0E3165B90280080245F /* ui_tile.cc */,
				FABBC0E4165B90280080245F /* ui_tile.h */,
				FABBC0E5165B90280080245F /* ui_vertex.cc */,
				FABBC0E6165B90280080245F /* ui_vertex.h */,
				FABBC0E7165B90280080245F /* ui_window.cc */,
				FABBC0E8165B90280080245F /* ui_window.h */,
			);
			name = ui_;
			sourceTree = "<group>";
		};
		FABBC13C165B90A60080245F /* w_ */ = {
			isa = PBXGroup;
			children = (
				FABBC0EB165B90280080245F /* w_loadpic.cc */,
				FABBC0EC165B90280080245F /* w_loadpic.h */,
				FABBC0ED165B90280080245F /* w_rawdef.h */,
				FABBC0F0165B90280080245F /* w_texture.cc */,
				FABBC0F1165B90280080245F /* w_texture.h */,
				FABBC0F2165B90280080245F /* w_wad.cc */,
				FABBC0F3165B90280080245F /* w_wad.h */,
			);
			name = w_;
			sourceTree = "<group>";
		};
		FAF8A0DF165BE342009B4C14 /* OSXPort */ = {
			isa = PBXGroup;
			children = (
				FA5E2C3E165B8F860024D6A5 /* AppDelegate.h */,
				FADB99F216B017D600A28204 /* AppDelegate.mm */,
				4F2D365217C96A7E003BEEE9 /* OSXCalls.mm */,
				4F2D365317C96A7E003BEEE9 /* OSXCalls.h */,
			);
			name = OSXPort;
			sourceTree = "<group>";
		};
/* End PBXGroup section */

/* Begin PBXNativeTarget section */
		FA5E2C27165B8F860024D6A5 /* Eureka Doom Editor */ = {
			isa = PBXNativeTarget;
			buildConfigurationList = FA5E2C5A165B8F870024D6A5 /* Build configuration list for PBXNativeTarget "Eureka Doom Editor" */;
			buildPhases = (
				4F48AAD320E7F9C100AD935F /* ShellScript */,
				FA5E2C24165B8F860024D6A5 /* Sources */,
				FA5E2C25165B8F860024D6A5 /* Frameworks */,
				FA5E2C26165B8F860024D6A5 /* Resources */,
				FAF8A110165C0001009B4C14 /* CopyFiles */,
				FA177ABD165FD56200B797F3 /* CopyFiles */,
			);
			buildRules = (
			);
			dependencies = (
			);
			name = "Eureka Doom Editor";
			productName = EurekaApp;
			productReference = FA5E2C28165B8F860024D6A5 /* Eureka Doom Editor.app */;
			productType = "com.apple.product-type.application";
		};
		FA5E2C48165B8F870024D6A5 /* Eureka Doom EditorTests */ = {
			isa = PBXNativeTarget;
			buildConfigurationList = FA5E2C5D165B8F870024D6A5 /* Build configuration list for PBXNativeTarget "Eureka Doom EditorTests" */;
			buildPhases = (
				FA5E2C44165B8F870024D6A5 /* Sources */,
				FA5E2C45165B8F870024D6A5 /* Frameworks */,
				FA5E2C46165B8F870024D6A5 /* Resources */,
				FA5E2C47165B8F870024D6A5 /* ShellScript */,
			);
			buildRules = (
			);
			dependencies = (
				FA5E2C4E165B8F870024D6A5 /* PBXTargetDependency */,
			);
			name = "Eureka Doom EditorTests";
			productName = EurekaAppTests;
			productReference = FA5E2C49165B8F870024D6A5 /* Eureka Doom EditorTests.octest */;
			productType = "com.apple.product-type.bundle.ocunit-test";
		};
/* End PBXNativeTarget section */

/* Begin PBXProject section */
		FA5E2C1F165B8F860024D6A5 /* Project object */ = {
			isa = PBXProject;
			attributes = {
				LastTestingUpgradeCheck = 0730;
				LastUpgradeCheck = 1230;
				ORGANIZATIONNAME = ioan;
				TargetAttributes = {
					FA5E2C27165B8F860024D6A5 = {
						DevelopmentTeam = 66L236F264;
						ProvisioningStyle = Automatic;
					};
				};
			};
			buildConfigurationList = FA5E2C22165B8F860024D6A5 /* Build configuration list for PBXProject "Eureka Doom Editor" */;
			compatibilityVersion = "Xcode 3.2";
			developmentRegion = en;
			hasScannedForEncodings = 0;
			knownRegions = (
				en,
				Base,
			);
			mainGroup = FA5E2C1D165B8F860024D6A5;
			productRefGroup = FA5E2C29165B8F860024D6A5 /* Products */;
			projectDirPath = "";
			projectReferences = (
				{
					ProductGroup = 4FCB3A50253B559A0038EFEB /* Products */;
					ProjectRef = 4FCB3A4F253B559A0038EFEB /* Eureka-Tests.xcodeproj */;
				},
			);
			projectRoot = "";
			targets = (
				FA5E2C27165B8F860024D6A5 /* Eureka Doom Editor */,
				FA5E2C48165B8F870024D6A5 /* Eureka Doom EditorTests */,
			);
		};
/* End PBXProject section */

/* Begin PBXReferenceProxy section */
		4FCB3A54253B559A0038EFEB /* Eureka-Tests */ = {
			isa = PBXReferenceProxy;
			fileType = "compiled.mach-o.executable";
			path = "Eureka-Tests";
			remoteRef = 4FCB3A53253B559A0038EFEB /* PBXContainerItemProxy */;
			sourceTree = BUILT_PRODUCTS_DIR;
		};
/* End PBXReferenceProxy section */

/* Begin PBXResourcesBuildPhase section */
		FA5E2C26165B8F860024D6A5 /* Resources */ = {
			isa = PBXResourcesBuildPhase;
			buildActionMask = 2147483647;
			files = (
				FA5E2C37165B8F860024D6A5 /* InfoPlist.strings in Resources */,
				FA5E2C3D165B8F860024D6A5 /* Credits.rtf in Resources */,
				FA5E2C43165B8F860024D6A5 /* MainMenu.xib in Resources */,
				FA8DBD73165D435600FCFB1A /* Eureka Doom EditorIcon.icns in Resources */,
			);
			runOnlyForDeploymentPostprocessing = 0;
		};
		FA5E2C46165B8F870024D6A5 /* Resources */ = {
			isa = PBXResourcesBuildPhase;
			buildActionMask = 2147483647;
			files = (
			);
			runOnlyForDeploymentPostprocessing = 0;
		};
/* End PBXResourcesBuildPhase section */

/* Begin PBXShellScriptBuildPhase section */
		4F48AAD320E7F9C100AD935F /* ShellScript */ = {
			isa = PBXShellScriptBuildPhase;
			buildActionMask = 2147483647;
			files = (
			);
			inputPaths = (
			);
			outputPaths = (
			);
			runOnlyForDeploymentPostprocessing = 0;
			shellPath = /bin/sh;
			shellScript = "FLTKVER1=1.3.5\nFLTKVER2=1.3.5\nFLTKDIR=fltk-$FLTKVER2\n\nif [[ ! -f libfltk.a || ! -f libfltk_images.a || ! -f libfltk_jpeg.a || ! -f libfltk_png.a || ! -d $FLTKDIR || ! -d FL ]]; then\n    curl -O -J \"https://www.fltk.org/pub/fltk/$FLTKVER1/fltk-$FLTKVER2-source.tar.gz\"\n    tar -xzf \"fltk-$FLTKVER2-source.tar.gz\"\n    pushd $FLTKDIR || exit\n    ./configure\n    make -j\"$(sysctl -n hw.ncpu)\"\n    popd\n    ln -sf $FLTKDIR/lib/libfltk*.a .\n    ln -sf $FLTKDIR/FL .\nfi\n";
		};
		FA5E2C47165B8F870024D6A5 /* ShellScript */ = {
			isa = PBXShellScriptBuildPhase;
			buildActionMask = 2147483647;
			files = (
			);
			inputPaths = (
			);
			outputPaths = (
			);
			runOnlyForDeploymentPostprocessing = 0;
			shellPath = /bin/sh;
			shellScript = "# Run the unit tests in this test bundle.\n\"${SYSTEM_DEVELOPER_DIR}/Tools/RunUnitTests\"\n";
		};
/* End PBXShellScriptBuildPhase section */

/* Begin PBXSourcesBuildPhase section */
		FA5E2C24165B8F860024D6A5 /* Sources */ = {
			isa = PBXSourcesBuildPhase;
			buildActionMask = 2147483647;
			files = (
				4F7C61CF1E2FFD7C008B578F /* e_commands.cc in Sources */,
				FABBC0FA165B90280080245F /* e_basis.cc in Sources */,
				FABBC0FB165B90280080245F /* e_checks.cc in Sources */,
				FABBC0FC165B90280080245F /* e_cutpaste.cc in Sources */,
				4FB8212223F4924A0044B1C3 /* r_subdiv.cc in Sources */,
				FABBC0FD165B90280080245F /* e_linedef.cc in Sources */,
				4F48AAE320E800C800AD935F /* ui_editor.cc in Sources */,
				FABBC100165B90280080245F /* e_path.cc in Sources */,
				FABBC101165B90280080245F /* e_sector.cc in Sources */,
				4FC7E6782592924E005EFDA1 /* Document.cc in Sources */,
				FABBC102165B90280080245F /* e_things.cc in Sources */,
				4FB8211F23F4924A0044B1C3 /* r_opengl.cc in Sources */,
				FABBC103165B90280080245F /* e_vertex.cc in Sources */,
				FABBC105165B90280080245F /* im_color.cc in Sources */,
				FABBC106165B90280080245F /* im_img.cc in Sources */,
				FABBC108165B90280080245F /* lib_adler.cc in Sources */,
				FABBC109165B90280080245F /* lib_file.cc in Sources */,
				FABBC10A165B90280080245F /* lib_util.cc in Sources */,
				FABBC10B165B90280080245F /* m_bitvec.cc in Sources */,
				4F7C61E01E2FFD9D008B578F /* m_testmap.cc in Sources */,
				FABBC10C165B90280080245F /* m_config.cc in Sources */,
				4F7C61DE1E2FFD9D008B578F /* m_loadsave.cc in Sources */,
				FABBC10E165B90280080245F /* m_game.cc in Sources */,
				FABBC10F165B90280080245F /* m_select.cc in Sources */,
				FABBC110165B90280080245F /* m_strings.cc in Sources */,
				FABBC113165B90280080245F /* r_grid.cc in Sources */,
				FABBC115165B90280080245F /* r_render.cc in Sources */,
				4FB8212023F4924A0044B1C3 /* r_software.cc in Sources */,
				4F7C61C51E2FFD56008B578F /* bsp_level.cc in Sources */,
				4F7C61D01E2FFD7C008B578F /* e_hover.cc in Sources */,
				4F7C61D11E2FFD7C008B578F /* e_main.cc in Sources */,
				FABBC118165B90280080245F /* sys_debug.cc in Sources */,
				FABBC119165B90280080245F /* ui_about.cc in Sources */,
				FABBC11A165B90280080245F /* ui_browser.cc in Sources */,
				FABBC11B165B90280080245F /* ui_canvas.cc in Sources */,
				4FB8212123F4924A0044B1C3 /* m_udmf.cc in Sources */,
				FABBC11C165B90280080245F /* ui_dialog.cc in Sources */,
				FABBC11D165B90280080245F /* ui_hyper.cc in Sources */,
				FABBC11E165B90280080245F /* ui_infobar.cc in Sources */,
				4F7C61DC1E2FFD9D008B578F /* lib_tga.cc in Sources */,
				4F7C61DF1E2FFD9D008B578F /* m_nodes.cc in Sources */,
				4F7C61C61E2FFD56008B578F /* bsp_node.cc in Sources */,
				FABBC11F165B90280080245F /* ui_linedef.cc in Sources */,
				FABBC120165B90280080245F /* ui_menu.cc in Sources */,
				FABBC122165B90280080245F /* ui_nombre.cc in Sources */,
				FABBC123165B90280080245F /* ui_pic.cc in Sources */,
				FABBC125165B90280080245F /* ui_scroll.cc in Sources */,
				FABBC126165B90280080245F /* ui_sector.cc in Sources */,
				FABBC127165B90280080245F /* ui_sidedef.cc in Sources */,
				FABBC128165B90280080245F /* ui_thing.cc in Sources */,
				FABBC129165B90280080245F /* ui_tile.cc in Sources */,
				FABBC12A165B90280080245F /* ui_vertex.cc in Sources */,
				4F7C61D21E2FFD7C008B578F /* e_objects.cc in Sources */,
				FABBC12B165B90280080245F /* ui_window.cc in Sources */,
				FABBC12D165B90280080245F /* w_loadpic.cc in Sources */,
				4F48AAE020E8009C00AD935F /* m_editlump.cc in Sources */,
				4F9C53A11A6CECFA001F4427 /* ui_replace.cc in Sources */,
				FABBC12F165B90280080245F /* w_texture.cc in Sources */,
				4F7C61DD1E2FFD9D008B578F /* m_events.cc in Sources */,
				FABBC130165B90280080245F /* w_wad.cc in Sources */,
				4F9C53A01A6CECFA001F4427 /* ui_default.cc in Sources */,
				FA8DBCFC165D293600FCFB1A /* main.cc in Sources */,
				FA1E04EE16689A2900ED41DC /* ui_misc.cc in Sources */,
				FA85EEE816936A3A00CA6FC2 /* m_files.cc in Sources */,
				FA85EEE916936A3A00CA6FC2 /* ui_file.cc in Sources */,
				4F7C61C71E2FFD56008B578F /* bsp_util.cc in Sources */,
				FA85EEEA16936A3A00CA6FC2 /* ui_prefs.cc in Sources */,
				FA4433D116AD9CB800525112 /* m_keys.cc in Sources */,
				FADB99F316B017D600A28204 /* AppDelegate.mm in Sources */,
				4FBC5BE6258D44EB005480CA /* Errors.cpp in Sources */,
				4F2D365417C96A7E003BEEE9 /* OSXCalls.mm in Sources */,
			);
			runOnlyForDeploymentPostprocessing = 0;
		};
		FA5E2C44165B8F870024D6A5 /* Sources */ = {
			isa = PBXSourcesBuildPhase;
			buildActionMask = 2147483647;
			files = (
			);
			runOnlyForDeploymentPostprocessing = 0;
		};
/* End PBXSourcesBuildPhase section */

/* Begin PBXTargetDependency section */
		FA5E2C4E165B8F870024D6A5 /* PBXTargetDependency */ = {
			isa = PBXTargetDependency;
			target = FA5E2C27165B8F860024D6A5 /* Eureka Doom Editor */;
			targetProxy = FA5E2C4D165B8F870024D6A5 /* PBXContainerItemProxy */;
		};
/* End PBXTargetDependency section */

/* Begin PBXVariantGroup section */
		FA5E2C35165B8F860024D6A5 /* InfoPlist.strings */ = {
			isa = PBXVariantGroup;
			children = (
				FA5E2C36165B8F860024D6A5 /* en */,
			);
			name = InfoPlist.strings;
			sourceTree = "<group>";
		};
		FA5E2C3B165B8F860024D6A5 /* Credits.rtf */ = {
			isa = PBXVariantGroup;
			children = (
				FA5E2C3C165B8F860024D6A5 /* en */,
			);
			name = Credits.rtf;
			sourceTree = "<group>";
		};
		FA5E2C41165B8F860024D6A5 /* MainMenu.xib */ = {
			isa = PBXVariantGroup;
			children = (
				4FB6558E22621A71002D7396 /* Base */,
			);
			name = MainMenu.xib;
			sourceTree = "<group>";
		};
/* End PBXVariantGroup section */

/* Begin XCBuildConfiguration section */
		FA5E2C58165B8F870024D6A5 /* Debug */ = {
			isa = XCBuildConfiguration;
			buildSettings = {
				ALWAYS_SEARCH_USER_PATHS = NO;
				CLANG_ANALYZER_LOCALIZABILITY_NONLOCALIZED = YES;
				CLANG_CXX_LANGUAGE_STANDARD = "gnu++0x";
				CLANG_WARN_BLOCK_CAPTURE_AUTORELEASING = YES;
				CLANG_WARN_BOOL_CONVERSION = YES;
				CLANG_WARN_COMMA = YES;
				CLANG_WARN_CONSTANT_CONVERSION = YES;
				CLANG_WARN_DEPRECATED_OBJC_IMPLEMENTATIONS = YES;
				CLANG_WARN_EMPTY_BODY = YES;
				CLANG_WARN_ENUM_CONVERSION = YES;
				CLANG_WARN_INFINITE_RECURSION = YES;
				CLANG_WARN_INT_CONVERSION = YES;
				CLANG_WARN_NON_LITERAL_NULL_CONVERSION = YES;
				CLANG_WARN_OBJC_IMPLICIT_RETAIN_SELF = YES;
				CLANG_WARN_OBJC_LITERAL_CONVERSION = YES;
				CLANG_WARN_QUOTED_INCLUDE_IN_FRAMEWORK_HEADER = YES;
				CLANG_WARN_RANGE_LOOP_ANALYSIS = YES;
				CLANG_WARN_STRICT_PROTOTYPES = YES;
				CLANG_WARN_SUSPICIOUS_MOVE = YES;
				CLANG_WARN_UNREACHABLE_CODE = YES;
				CLANG_WARN__DUPLICATE_METHOD_MATCH = YES;
				COPY_PHASE_STRIP = NO;
				ENABLE_STRICT_OBJC_MSGSEND = YES;
				ENABLE_TESTABILITY = YES;
				GCC_C_LANGUAGE_STANDARD = gnu99;
				GCC_DYNAMIC_NO_PIC = NO;
				GCC_ENABLE_OBJC_EXCEPTIONS = YES;
				GCC_NO_COMMON_BLOCKS = YES;
				GCC_OPTIMIZATION_LEVEL = 0;
				GCC_PREPROCESSOR_DEFINITIONS = (
					"DEBUG=1",
					"$(inherited)",
				);
				GCC_STRICT_ALIASING = NO;
				GCC_SYMBOLS_PRIVATE_EXTERN = NO;
				GCC_VERSION = com.apple.compilers.llvm.clang.1_0;
				GCC_WARN_64_TO_32_BIT_CONVERSION = YES;
				GCC_WARN_ABOUT_RETURN_TYPE = YES;
				GCC_WARN_UNDECLARED_SELECTOR = YES;
				GCC_WARN_UNINITIALIZED_AUTOS = YES;
				GCC_WARN_UNUSED_FUNCTION = YES;
				GCC_WARN_UNUSED_VARIABLE = YES;
				LD_RUNPATH_SEARCH_PATHS = "@executable_path/../Frameworks";
				LLVM_LTO = NO;
				MACOSX_DEPLOYMENT_TARGET = 10.9;
				ONLY_ACTIVE_ARCH = YES;
				SDKROOT = macosx;
			};
			name = Debug;
		};
		FA5E2C59165B8F870024D6A5 /* Release */ = {
			isa = XCBuildConfiguration;
			buildSettings = {
				ALWAYS_SEARCH_USER_PATHS = NO;
				CLANG_ANALYZER_LOCALIZABILITY_NONLOCALIZED = YES;
				CLANG_CXX_LANGUAGE_STANDARD = "gnu++0x";
				CLANG_WARN_BLOCK_CAPTURE_AUTORELEASING = YES;
				CLANG_WARN_BOOL_CONVERSION = YES;
				CLANG_WARN_COMMA = YES;
				CLANG_WARN_CONSTANT_CONVERSION = YES;
				CLANG_WARN_DEPRECATED_OBJC_IMPLEMENTATIONS = YES;
				CLANG_WARN_EMPTY_BODY = YES;
				CLANG_WARN_ENUM_CONVERSION = YES;
				CLANG_WARN_INFINITE_RECURSION = YES;
				CLANG_WARN_INT_CONVERSION = YES;
				CLANG_WARN_NON_LITERAL_NULL_CONVERSION = YES;
				CLANG_WARN_OBJC_IMPLICIT_RETAIN_SELF = YES;
				CLANG_WARN_OBJC_LITERAL_CONVERSION = YES;
				CLANG_WARN_QUOTED_INCLUDE_IN_FRAMEWORK_HEADER = YES;
				CLANG_WARN_RANGE_LOOP_ANALYSIS = YES;
				CLANG_WARN_STRICT_PROTOTYPES = YES;
				CLANG_WARN_SUSPICIOUS_MOVE = YES;
				CLANG_WARN_UNREACHABLE_CODE = YES;
				CLANG_WARN__DUPLICATE_METHOD_MATCH = YES;
				COPY_PHASE_STRIP = YES;
				DEBUG_INFORMATION_FORMAT = "dwarf-with-dsym";
				ENABLE_STRICT_OBJC_MSGSEND = YES;
				GCC_C_LANGUAGE_STANDARD = gnu99;
				GCC_ENABLE_OBJC_EXCEPTIONS = YES;
				GCC_NO_COMMON_BLOCKS = YES;
				GCC_STRICT_ALIASING = NO;
				GCC_VERSION = com.apple.compilers.llvm.clang.1_0;
				GCC_WARN_64_TO_32_BIT_CONVERSION = YES;
				GCC_WARN_ABOUT_RETURN_TYPE = YES;
				GCC_WARN_UNDECLARED_SELECTOR = YES;
				GCC_WARN_UNINITIALIZED_AUTOS = YES;
				GCC_WARN_UNUSED_FUNCTION = YES;
				GCC_WARN_UNUSED_VARIABLE = YES;
				LD_RUNPATH_SEARCH_PATHS = "@executable_path/../Frameworks";
				LLVM_LTO = YES;
				MACOSX_DEPLOYMENT_TARGET = 10.9;
				SDKROOT = macosx;
			};
			name = Release;
		};
		FA5E2C5B165B8F870024D6A5 /* Debug */ = {
			isa = XCBuildConfiguration;
			buildSettings = {
				CLANG_ENABLE_OBJC_WEAK = YES;
				CODE_SIGN_IDENTITY = "Mac Developer";
				CODE_SIGN_STYLE = Automatic;
				COMBINE_HIDPI_IMAGES = YES;
				CURRENT_PROJECT_VERSION = 2.00;
				DEVELOPMENT_TEAM = "";
				ENABLE_HARDENED_RUNTIME = YES;
				GCC_PRECOMPILE_PREFIX_HEADER = YES;
				GCC_PREFIX_HEADER = "EurekaApp/Eureka Doom Editor-Prefix.pch";
				GCC_PREPROCESSOR_DEFINITIONS = (
					"DEBUG=1",
					"$(inherited)",
					"main=main_ORIGINAL",
					_THREAD_SAFE,
					_REENTRANT,
					"INLINE_G=inline",
				);
				HEADER_SEARCH_PATHS = "$(PROJECT_DIR)";
				INFOPLIST_FILE = "EurekaApp/Eureka Doom Editor-Info.plist";
				LIBRARY_SEARCH_PATHS = (
					"$(inherited)",
					"$(PROJECT_DIR)",
					"$(PROJECT_DIR)/fltk-1.3.5/lib",
				);
				MARKETING_VERSION = 2.00;
				PRODUCT_BUNDLE_IDENTIFIER = "com.eureka.${PRODUCT_NAME:rfc1034identifier}";
				PRODUCT_NAME = "Eureka Doom Editor";
				PROVISIONING_PROFILE_SPECIFIER = "";
				WRAPPER_EXTENSION = app;
			};
			name = Debug;
		};
		FA5E2C5C165B8F870024D6A5 /* Release */ = {
			isa = XCBuildConfiguration;
			buildSettings = {
				CLANG_ENABLE_OBJC_WEAK = YES;
				CODE_SIGN_IDENTITY = "Mac Developer";
				CODE_SIGN_STYLE = Automatic;
				COMBINE_HIDPI_IMAGES = YES;
				CURRENT_PROJECT_VERSION = 2.00;
				DEVELOPMENT_TEAM = "";
				ENABLE_HARDENED_RUNTIME = YES;
				GCC_PRECOMPILE_PREFIX_HEADER = YES;
				GCC_PREFIX_HEADER = "EurekaApp/Eureka Doom Editor-Prefix.pch";
				GCC_PREPROCESSOR_DEFINITIONS = (
					"main=main_ORIGINAL",
					_THREAD_SAFE,
					_REENTRANT,
					"INLINE_G=inline",
				);
				HEADER_SEARCH_PATHS = "$(PROJECT_DIR)";
				INFOPLIST_FILE = "EurekaApp/Eureka Doom Editor-Info.plist";
				LIBRARY_SEARCH_PATHS = (
					"$(inherited)",
					"$(PROJECT_DIR)",
					"$(PROJECT_DIR)/fltk-1.3.5/lib",
				);
				MARKETING_VERSION = 2.00;
				PRODUCT_BUNDLE_IDENTIFIER = "com.eureka.${PRODUCT_NAME:rfc1034identifier}";
				PRODUCT_NAME = "Eureka Doom Editor";
				PROVISIONING_PROFILE_SPECIFIER = "";
				WRAPPER_EXTENSION = app;
			};
			name = Release;
		};
		FA5E2C5E165B8F870024D6A5 /* Debug */ = {
			isa = XCBuildConfiguration;
			buildSettings = {
				BUNDLE_LOADER = "$(BUILT_PRODUCTS_DIR)/EurekaApp.app/Contents/MacOS/EurekaApp";
				CLANG_ENABLE_OBJC_WEAK = YES;
				COMBINE_HIDPI_IMAGES = YES;
				FRAMEWORK_SEARCH_PATHS = "\"$(DEVELOPER_LIBRARY_DIR)/Frameworks\"";
				GCC_PRECOMPILE_PREFIX_HEADER = YES;
				GCC_PREFIX_HEADER = "EurekaApp/EurekaApp-Prefix.pch";
				INFOPLIST_FILE = "EurekaAppTests/Eureka Doom EditorTests-Info.plist";
				PRODUCT_BUNDLE_IDENTIFIER = "eureka.${PRODUCT_NAME:rfc1034identifier}";
				PRODUCT_NAME = "Eureka Doom EditorTests";
				TEST_HOST = "$(BUNDLE_LOADER)";
				WRAPPER_EXTENSION = octest;
			};
			name = Debug;
		};
		FA5E2C5F165B8F870024D6A5 /* Release */ = {
			isa = XCBuildConfiguration;
			buildSettings = {
				BUNDLE_LOADER = "$(BUILT_PRODUCTS_DIR)/EurekaApp.app/Contents/MacOS/EurekaApp";
				CLANG_ENABLE_OBJC_WEAK = YES;
				COMBINE_HIDPI_IMAGES = YES;
				FRAMEWORK_SEARCH_PATHS = "\"$(DEVELOPER_LIBRARY_DIR)/Frameworks\"";
				GCC_PRECOMPILE_PREFIX_HEADER = YES;
				GCC_PREFIX_HEADER = "EurekaApp/EurekaApp-Prefix.pch";
				INFOPLIST_FILE = "EurekaAppTests/Eureka Doom EditorTests-Info.plist";
				PRODUCT_BUNDLE_IDENTIFIER = "eureka.${PRODUCT_NAME:rfc1034identifier}";
				PRODUCT_NAME = "Eureka Doom EditorTests";
				TEST_HOST = "$(BUNDLE_LOADER)";
				WRAPPER_EXTENSION = octest;
			};
			name = Release;
		};
/* End XCBuildConfiguration section */

/* Begin XCConfigurationList section */
		FA5E2C22165B8F860024D6A5 /* Build configuration list for PBXProject "Eureka Doom Editor" */ = {
			isa = XCConfigurationList;
			buildConfigurations = (
				FA5E2C58165B8F870024D6A5 /* Debug */,
				FA5E2C59165B8F870024D6A5 /* Release */,
			);
			defaultConfigurationIsVisible = 0;
			defaultConfigurationName = Release;
		};
		FA5E2C5A165B8F870024D6A5 /* Build configuration list for PBXNativeTarget "Eureka Doom Editor" */ = {
			isa = XCConfigurationList;
			buildConfigurations = (
				FA5E2C5B165B8F870024D6A5 /* Debug */,
				FA5E2C5C165B8F870024D6A5 /* Release */,
			);
			defaultConfigurationIsVisible = 0;
			defaultConfigurationName = Release;
		};
		FA5E2C5D165B8F870024D6A5 /* Build configuration list for PBXNativeTarget "Eureka Doom EditorTests" */ = {
			isa = XCConfigurationList;
			buildConfigurations = (
				FA5E2C5E165B8F870024D6A5 /* Debug */,
				FA5E2C5F165B8F870024D6A5 /* Release */,
			);
			defaultConfigurationIsVisible = 0;
			defaultConfigurationName = Release;
		};
/* End XCConfigurationList section */
	};
	rootObject = FA5E2C1F165B8F860024D6A5 /* Project object */;
}
