<?xml version="1.0" encoding="utf-8"?>
<Project ToolsVersion="4.0" xmlns="http://schemas.microsoft.com/developer/msbuild/2003">
  <ItemGroup>
    <Filter Include="Resource Files">
      <UniqueIdentifier>{67DA6AB6-F800-4c08-8B7A-83BB121AAD01}</UniqueIdentifier>
      <Extensions>rc;ico;cur;bmp;dlg;rc2;rct;bin;rgs;gif;jpg;jpeg;jpe;resx;tiff;tif;png;wav;mfcribbon-ms</Extensions>
    </Filter>
    <Filter Include="Code">
      <UniqueIdentifier>{147be7f1-f609-45a8-ae68-0e7414c6fddf}</UniqueIdentifier>
    </Filter>
    <Filter Include="Code\E_">
      <UniqueIdentifier>{1835e640-d048-47c5-bd46-496a620ca49f}</UniqueIdentifier>
    </Filter>
    <Filter Include="Code\IM_">
      <UniqueIdentifier>{ccb884fe-db20-40fb-918b-9324e5cbb484}</UniqueIdentifier>
    </Filter>
    <Filter Include="Code\LIB_">
      <UniqueIdentifier>{8b5b9cbe-9329-43ce-9712-b922b8aad49e}</UniqueIdentifier>
    </Filter>
    <Filter Include="Code\M_">
      <UniqueIdentifier>{b482ade3-1320-4434-94e5-5e41b4c70b93}</UniqueIdentifier>
    </Filter>
    <Filter Include="Code\R_">
      <UniqueIdentifier>{dea11663-7af9-4190-abfe-da888cb0ae95}</UniqueIdentifier>
    </Filter>
    <Filter Include="Code\SYS_">
      <UniqueIdentifier>{45b3f6a0-9f64-409b-aa2b-d3735004420c}</UniqueIdentifier>
    </Filter>
    <Filter Include="Code\UI_">
      <UniqueIdentifier>{77096abf-f4d6-445a-9d09-f5a79220d43d}</UniqueIdentifier>
    </Filter>
    <Filter Include="Code\W_">
      <UniqueIdentifier>{da6eb90f-00ae-4d71-8e00-21ce8d351c17}</UniqueIdentifier>
    </Filter>
    <Filter Include="Code\BSP_">
      <UniqueIdentifier>{c8e9a7b1-da08-49f8-b19c-44680c03c993}</UniqueIdentifier>
    </Filter>
  </ItemGroup>
  <ItemGroup>
    <ResourceCompile Include="..\..\src\main.rc">
      <Filter>Resource Files</Filter>
    </ResourceCompile>
  </ItemGroup>
  <ItemGroup>
    <ClCompile Include="..\..\src\e_basis.cc">
      <Filter>Code\E_</Filter>
    </ClCompile>
    <ClCompile Include="..\..\src\e_checks.cc">
      <Filter>Code\E_</Filter>
    </ClCompile>
    <ClCompile Include="..\..\src\e_commands.cc">
      <Filter>Code\E_</Filter>
    </ClCompile>
    <ClCompile Include="..\..\src\e_cutpaste.cc">
      <Filter>Code\E_</Filter>
    </ClCompile>
    <ClCompile Include="..\..\src\e_hover.cc">
      <Filter>Code\E_</Filter>
    </ClCompile>
    <ClCompile Include="..\..\src\e_linedef.cc">
      <Filter>Code\E_</Filter>
    </ClCompile>
    <ClCompile Include="..\..\src\e_main.cc">
      <Filter>Code\E_</Filter>
    </ClCompile>
    <ClCompile Include="..\..\src\e_objects.cc">
      <Filter>Code\E_</Filter>
    </ClCompile>
    <ClCompile Include="..\..\src\e_path.cc">
      <Filter>Code\E_</Filter>
    </ClCompile>
    <ClCompile Include="..\..\src\e_sector.cc">
      <Filter>Code\E_</Filter>
    </ClCompile>
    <ClCompile Include="..\..\src\e_things.cc">
      <Filter>Code\E_</Filter>
    </ClCompile>
    <ClCompile Include="..\..\src\e_vertex.cc">
      <Filter>Code\E_</Filter>
    </ClCompile>
    <ClCompile Include="..\..\src\im_color.cc">
      <Filter>Code\IM_</Filter>
    </ClCompile>
    <ClCompile Include="..\..\src\im_img.cc">
      <Filter>Code\IM_</Filter>
    </ClCompile>
    <ClCompile Include="..\..\src\lib_adler.cc">
      <Filter>Code\LIB_</Filter>
    </ClCompile>
    <ClCompile Include="..\..\src\lib_file.cc">
      <Filter>Code\LIB_</Filter>
    </ClCompile>
    <ClCompile Include="..\..\src\lib_tga.cc">
      <Filter>Code\LIB_</Filter>
    </ClCompile>
    <ClCompile Include="..\..\src\lib_util.cc">
      <Filter>Code\LIB_</Filter>
    </ClCompile>
    <ClCompile Include="..\..\src\main.cc">
      <Filter>Code</Filter>
    </ClCompile>
    <ClCompile Include="..\..\src\m_bitvec.cc">
      <Filter>Code\M_</Filter>
    </ClCompile>
    <ClCompile Include="..\..\src\m_config.cc">
      <Filter>Code\M_</Filter>
    </ClCompile>
    <ClCompile Include="..\..\src\m_editlump.cc">
      <Filter>Code\M_</Filter>
    </ClCompile>
    <ClCompile Include="..\..\src\m_events.cc">
      <Filter>Code\M_</Filter>
    </ClCompile>
    <ClCompile Include="..\..\src\m_files.cc">
      <Filter>Code\M_</Filter>
    </ClCompile>
    <ClCompile Include="..\..\src\m_game.cc">
      <Filter>Code\M_</Filter>
    </ClCompile>
    <ClCompile Include="..\..\src\m_keys.cc">
      <Filter>Code\M_</Filter>
    </ClCompile>
    <ClCompile Include="..\..\src\m_loadsave.cc">
      <Filter>Code\M_</Filter>
    </ClCompile>
    <ClCompile Include="..\..\src\m_nodes.cc">
      <Filter>Code\M_</Filter>
    </ClCompile>
    <ClCompile Include="..\..\src\m_select.cc">
      <Filter>Code\M_</Filter>
    </ClCompile>
    <ClCompile Include="..\..\src\m_strings.cc">
      <Filter>Code\M_</Filter>
    </ClCompile>
    <ClCompile Include="..\..\src\m_testmap.cc">
      <Filter>Code\M_</Filter>
    </ClCompile>
    <ClCompile Include="..\..\src\m_udmf.cc">
      <Filter>Code\M_</Filter>
    </ClCompile>
    <ClCompile Include="..\..\src\r_grid.cc">
      <Filter>Code\R_</Filter>
    </ClCompile>
    <ClCompile Include="..\..\src\r_opengl.cc">
      <Filter>Code\R_</Filter>
    </ClCompile>
    <ClCompile Include="..\..\src\r_render.cc">
      <Filter>Code\R_</Filter>
    </ClCompile>
    <ClCompile Include="..\..\src\r_software.cc">
      <Filter>Code\R_</Filter>
    </ClCompile>
    <ClCompile Include="..\..\src\r_subdiv.cc">
      <Filter>Code\R_</Filter>
    </ClCompile>
    <ClCompile Include="..\..\src\sys_debug.cc">
      <Filter>Code\SYS_</Filter>
    </ClCompile>
    <ClCompile Include="..\..\src\ui_about.cc">
      <Filter>Code\UI_</Filter>
    </ClCompile>
    <ClCompile Include="..\..\src\ui_browser.cc">
      <Filter>Code\UI_</Filter>
    </ClCompile>
    <ClCompile Include="..\..\src\ui_canvas.cc">
      <Filter>Code\UI_</Filter>
    </ClCompile>
    <ClCompile Include="..\..\src\ui_default.cc">
      <Filter>Code\UI_</Filter>
    </ClCompile>
    <ClCompile Include="..\..\src\ui_dialog.cc">
      <Filter>Code\UI_</Filter>
    </ClCompile>
    <ClCompile Include="..\..\src\ui_editor.cc">
      <Filter>Code\UI_</Filter>
    </ClCompile>
    <ClCompile Include="..\..\src\ui_file.cc">
      <Filter>Code\UI_</Filter>
    </ClCompile>
    <ClCompile Include="..\..\src\ui_hyper.cc">
      <Filter>Code\UI_</Filter>
    </ClCompile>
    <ClCompile Include="..\..\src\ui_infobar.cc">
      <Filter>Code\UI_</Filter>
    </ClCompile>
    <ClCompile Include="..\..\src\ui_linedef.cc">
      <Filter>Code\UI_</Filter>
    </ClCompile>
    <ClCompile Include="..\..\src\ui_menu.cc">
      <Filter>Code\UI_</Filter>
    </ClCompile>
    <ClCompile Include="..\..\src\ui_misc.cc">
      <Filter>Code\UI_</Filter>
    </ClCompile>
    <ClCompile Include="..\..\src\ui_nombre.cc">
      <Filter>Code\UI_</Filter>
    </ClCompile>
    <ClCompile Include="..\..\src\ui_pic.cc">
      <Filter>Code\UI_</Filter>
    </ClCompile>
    <ClCompile Include="..\..\src\ui_prefs.cc">
      <Filter>Code\UI_</Filter>
    </ClCompile>
    <ClCompile Include="..\..\src\ui_replace.cc">
      <Filter>Code\UI_</Filter>
    </ClCompile>
    <ClCompile Include="..\..\src\ui_scroll.cc">
      <Filter>Code\UI_</Filter>
    </ClCompile>
    <ClCompile Include="..\..\src\ui_sector.cc">
      <Filter>Code\UI_</Filter>
    </ClCompile>
    <ClCompile Include="..\..\src\ui_sidedef.cc">
      <Filter>Code\UI_</Filter>
    </ClCompile>
    <ClCompile Include="..\..\src\ui_thing.cc">
      <Filter>Code\UI_</Filter>
    </ClCompile>
    <ClCompile Include="..\..\src\ui_tile.cc">
      <Filter>Code\UI_</Filter>
    </ClCompile>
    <ClCompile Include="..\..\src\ui_vertex.cc">
      <Filter>Code\UI_</Filter>
    </ClCompile>
    <ClCompile Include="..\..\src\ui_window.cc">
      <Filter>Code\UI_</Filter>
    </ClCompile>
    <ClCompile Include="..\..\src\w_loadpic.cc">
      <Filter>Code\W_</Filter>
    </ClCompile>
    <ClCompile Include="..\..\src\w_texture.cc">
      <Filter>Code\W_</Filter>
    </ClCompile>
    <ClCompile Include="..\..\src\w_wad.cc">
      <Filter>Code\W_</Filter>
    </ClCompile>
    <ClCompile Include="..\..\src\bsp_level.cc">
      <Filter>Code\BSP_</Filter>
    </ClCompile>
    <ClCompile Include="..\..\src\bsp_node.cc">
      <Filter>Code\BSP_</Filter>
    </ClCompile>
    <ClCompile Include="..\..\src\bsp_util.cc">
      <Filter>Code\BSP_</Filter>
    </ClCompile>
    <ClCompile Include="..\..\src\Document.cc">
      <Filter>Code</Filter>
    </ClCompile>
    <ClCompile Include="..\..\src\Errors.cc">
      <Filter>Code</Filter>
    </ClCompile>
    <ClCompile Include="..\..\src\Instance.cc">
      <Filter>Code</Filter>
    </ClCompile>
    <ClCompile Include="..\..\src\DocumentModule.cc">
      <Filter>Code</Filter>
    </ClCompile>
  </ItemGroup>
  <ItemGroup>
    <ClInclude Include="..\..\src\e_basis.h">
      <Filter>Code\E_</Filter>
    </ClInclude>
    <ClInclude Include="..\..\src\e_checks.h">
      <Filter>Code\E_</Filter>
    </ClInclude>
    <ClInclude Include="..\..\src\e_cutpaste.h">
      <Filter>Code\E_</Filter>
    </ClInclude>
    <ClInclude Include="..\..\src\e_hover.h">
      <Filter>Code\E_</Filter>
    </ClInclude>
    <ClInclude Include="..\..\src\e_linedef.h">
      <Filter>Code\E_</Filter>
    </ClInclude>
    <ClInclude Include="..\..\src\e_main.h">
      <Filter>Code\E_</Filter>
    </ClInclude>
    <ClInclude Include="..\..\src\e_objects.h">
      <Filter>Code\E_</Filter>
    </ClInclude>
    <ClInclude Include="..\..\src\e_path.h">
      <Filter>Code\E_</Filter>
    </ClInclude>
    <ClInclude Include="..\..\src\e_sector.h">
      <Filter>Code\E_</Filter>
    </ClInclude>
    <ClInclude Include="..\..\src\e_things.h">
      <Filter>Code\E_</Filter>
    </ClInclude>
    <ClInclude Include="..\..\src\e_vertex.h">
      <Filter>Code\E_</Filter>
    </ClInclude>
    <ClInclude Include="..\..\src\im_color.h">
      <Filter>Code\IM_</Filter>
    </ClInclude>
    <ClInclude Include="..\..\src\im_img.h">
      <Filter>Code\IM_</Filter>
    </ClInclude>
    <ClInclude Include="..\..\src\lib_adler.h">
      <Filter>Code\LIB_</Filter>
    </ClInclude>
    <ClInclude Include="..\..\src\lib_file.h">
      <Filter>Code\LIB_</Filter>
    </ClInclude>
    <ClInclude Include="..\..\src\lib_tga.h">
      <Filter>Code\LIB_</Filter>
    </ClInclude>
    <ClInclude Include="..\..\src\lib_util.h">
      <Filter>Code\LIB_</Filter>
    </ClInclude>
    <ClInclude Include="..\..\src\main.h">
      <Filter>Code</Filter>
    </ClInclude>
    <ClInclude Include="..\..\src\m_bitvec.h">
      <Filter>Code\M_</Filter>
    </ClInclude>
    <ClInclude Include="..\..\src\m_config.h">
      <Filter>Code\M_</Filter>
    </ClInclude>
    <ClInclude Include="..\..\src\m_editlump.h">
      <Filter>Code\M_</Filter>
    </ClInclude>
    <ClInclude Include="..\..\src\m_events.h">
      <Filter>Code\M_</Filter>
    </ClInclude>
    <ClInclude Include="..\..\src\m_files.h">
      <Filter>Code\M_</Filter>
    </ClInclude>
    <ClInclude Include="..\..\src\m_game.h">
      <Filter>Code\M_</Filter>
    </ClInclude>
    <ClInclude Include="..\..\src\m_keys.h">
      <Filter>Code\M_</Filter>
    </ClInclude>
    <ClInclude Include="..\..\src\m_loadsave.h">
      <Filter>Code\M_</Filter>
    </ClInclude>
    <ClInclude Include="..\..\src\m_nodes.h">
      <Filter>Code\M_</Filter>
    </ClInclude>
    <ClInclude Include="..\..\src\m_select.h">
      <Filter>Code\M_</Filter>
    </ClInclude>
    <ClInclude Include="..\..\src\m_strings.h">
      <Filter>Code\M_</Filter>
    </ClInclude>
    <ClInclude Include="..\..\src\m_udmf.h">
      <Filter>Code\M_</Filter>
    </ClInclude>
    <ClInclude Include="..\..\src\r_grid.h">
      <Filter>Code\R_</Filter>
    </ClInclude>
    <ClInclude Include="..\..\src\r_render.h">
      <Filter>Code\R_</Filter>
    </ClInclude>
    <ClInclude Include="..\..\src\r_subdiv.h">
      <Filter>Code\R_</Filter>
    </ClInclude>
    <ClInclude Include="..\..\src\sys_debug.h">
      <Filter>Code\SYS_</Filter>
    </ClInclude>
    <ClInclude Include="..\..\src\sys_endian.h">
      <Filter>Code\SYS_</Filter>
    </ClInclude>
    <ClInclude Include="..\..\src\sys_macro.h">
      <Filter>Code\SYS_</Filter>
    </ClInclude>
    <ClInclude Include="..\..\src\sys_type.h">
      <Filter>Code\SYS_</Filter>
    </ClInclude>
    <ClInclude Include="..\..\src\ui_about.h">
      <Filter>Code\UI_</Filter>
    </ClInclude>
    <ClInclude Include="..\..\src\ui_browser.h">
      <Filter>Code\UI_</Filter>
    </ClInclude>
    <ClInclude Include="..\..\src\ui_canvas.h">
      <Filter>Code\UI_</Filter>
    </ClInclude>
    <ClInclude Include="..\..\src\ui_default.h">
      <Filter>Code\UI_</Filter>
    </ClInclude>
    <ClInclude Include="..\..\src\ui_editor.h">
      <Filter>Code\UI_</Filter>
    </ClInclude>
    <ClInclude Include="..\..\src\ui_file.h">
      <Filter>Code\UI_</Filter>
    </ClInclude>
    <ClInclude Include="..\..\src\ui_hyper.h">
      <Filter>Code\UI_</Filter>
    </ClInclude>
    <ClInclude Include="..\..\src\ui_infobar.h">
      <Filter>Code\UI_</Filter>
    </ClInclude>
    <ClInclude Include="..\..\src\ui_linedef.h">
      <Filter>Code\UI_</Filter>
    </ClInclude>
    <ClInclude Include="..\..\src\ui_menu.h">
      <Filter>Code\UI_</Filter>
    </ClInclude>
    <ClInclude Include="..\..\src\ui_misc.h">
      <Filter>Code\UI_</Filter>
    </ClInclude>
    <ClInclude Include="..\..\src\ui_nombre.h">
      <Filter>Code\UI_</Filter>
    </ClInclude>
    <ClInclude Include="..\..\src\ui_pic.h">
      <Filter>Code\UI_</Filter>
    </ClInclude>
    <ClInclude Include="..\..\src\ui_prefs.h">
      <Filter>Code\UI_</Filter>
    </ClInclude>
    <ClInclude Include="..\..\src\ui_replace.h">
      <Filter>Code\UI_</Filter>
    </ClInclude>
    <ClInclude Include="..\..\src\ui_scroll.h">
      <Filter>Code\UI_</Filter>
    </ClInclude>
    <ClInclude Include="..\..\src\ui_sector.h">
      <Filter>Code\UI_</Filter>
    </ClInclude>
    <ClInclude Include="..\..\src\ui_sidedef.h">
      <Filter>Code\UI_</Filter>
    </ClInclude>
    <ClInclude Include="..\..\src\ui_thing.h">
      <Filter>Code\UI_</Filter>
    </ClInclude>
    <ClInclude Include="..\..\src\ui_tile.h">
      <Filter>Code\UI_</Filter>
    </ClInclude>
    <ClInclude Include="..\..\src\ui_vertex.h">
      <Filter>Code\UI_</Filter>
    </ClInclude>
    <ClInclude Include="..\..\src\ui_window.h">
      <Filter>Code\UI_</Filter>
    </ClInclude>
    <ClInclude Include="..\..\src\w_loadpic.h">
      <Filter>Code\W_</Filter>
    </ClInclude>
    <ClInclude Include="..\..\src\w_rawdef.h">
      <Filter>Code\W_</Filter>
    </ClInclude>
    <ClInclude Include="..\..\src\w_texture.h">
      <Filter>Code\W_</Filter>
    </ClInclude>
    <ClInclude Include="..\..\src\w_wad.h">
      <Filter>Code\W_</Filter>
    </ClInclude>
    <ClInclude Include="..\..\src\bsp.h">
      <Filter>Code\BSP_</Filter>
    </ClInclude>
    <ClInclude Include="..\..\src\objid.h">
      <Filter>Code</Filter>
    </ClInclude>
    <ClInclude Include="..\..\src\Document.h">
      <Filter>Code</Filter>
    </ClInclude>
    <ClInclude Include="..\..\src\DocumentModule.h">
      <Filter>Code</Filter>
    </ClInclude>
    <ClInclude Include="..\..\src\Errors.h">
      <Filter>Code</Filter>
    </ClInclude>
    <ClInclude Include="..\..\src\PrintfMacros.h">
      <Filter>Code</Filter>
    </ClInclude>
    <ClInclude Include="..\..\src\WindowsInclude.h">
      <Filter>Code</Filter>
    </ClInclude>
    <ClInclude Include="..\..\src\Instance.h">
      <Filter>Code</Filter>
    </ClInclude>
    <ClInclude Include="..\..\src\WindowsSanitization.h">
      <Filter>Code</Filter>
    </ClInclude>
  </ItemGroup>
</Project>